// !$*UTF8*$!
{
	archiveVersion = 1;
	classes = {
	};
	objectVersion = 51;
	objects = {

/* Begin PBXBuildFile section */
		6562728C2581367300CDA0F9 /* MSettingSection.swift in Sources */ = {isa = PBXBuildFile; fileRef = 6562728B2581367300CDA0F9 /* MSettingSection.swift */; };
		6562728F2581432C00CDA0F9 /* ServiceDeviceToken.swift in Sources */ = {isa = PBXBuildFile; fileRef = 6562728E2581432C00CDA0F9 /* ServiceDeviceToken.swift */; };
		6562729A2584B01D00CDA0F9 /* ServiceNotification.swift in Sources */ = {isa = PBXBuildFile; fileRef = 656272992584B01D00CDA0F9 /* ServiceNotification.swift */; };
		6562729D2584B2AC00CDA0F9 /* MNotificationType.swift in Sources */ = {isa = PBXBuildFile; fileRef = 6562729C2584B2AC00CDA0F9 /* MNotificationType.swift */; };
		656272A52586535100CDA0F9 /* HelperNotification.swift in Sources */ = {isa = PBXBuildFile; fileRef = 656272A42586535100CDA0F9 /* HelperNotification.swift */; };
		656272A92586537C00CDA0F9 /* CurrentNotification.swift in Sources */ = {isa = PBXBuildFile; fileRef = 656272A82586537C00CDA0F9 /* CurrentNotification.swift */; };
		B811E8A7254F6835008DB735 /* Timestamp+M.swift in Sources */ = {isa = PBXBuildFile; fileRef = B811E8A6254F6835008DB735 /* Timestamp+M.swift */; };
		B82FE3BF255DFB4800B52099 /* ServiceGooglePlace.swift in Sources */ = {isa = PBXBuildFile; fileRef = B82FE3BE255DFB4800B52099 /* ServiceGooglePlace.swift */; };
		B836B61B2548D94100AAF48A /* ManagerUser.swift in Sources */ = {isa = PBXBuildFile; fileRef = B836B61A2548D94100AAF48A /* ManagerUser.swift */; };
		B836B6212548E45B00AAF48A /* UIButton+M.swift in Sources */ = {isa = PBXBuildFile; fileRef = B836B6202548E45B00AAF48A /* UIButton+M.swift */; };
		B836B6252548E73400AAF48A /* Event.swift in Sources */ = {isa = PBXBuildFile; fileRef = B836B6242548E73400AAF48A /* Event.swift */; };
		B836B63A254B312200AAF48A /* City.swift in Sources */ = {isa = PBXBuildFile; fileRef = B836B639254B312200AAF48A /* City.swift */; };
		B83BF57B255EED99006903A2 /* CollectionReference+M.swift in Sources */ = {isa = PBXBuildFile; fileRef = B83BF57A255EED99006903A2 /* CollectionReference+M.swift */; };
		B84ECBB725403235007F8E9E /* ServiceUser.swift in Sources */ = {isa = PBXBuildFile; fileRef = B84ECBB625403235007F8E9E /* ServiceUser.swift */; };
		B84ECBBA254036CF007F8E9E /* FirebaseConfig.swift in Sources */ = {isa = PBXBuildFile; fileRef = B84ECBB9254036CF007F8E9E /* FirebaseConfig.swift */; };
		B84ECBC025403840007F8E9E /* Config.swift in Sources */ = {isa = PBXBuildFile; fileRef = B84ECBBF25403840007F8E9E /* Config.swift */; };
		B84ECBE02541ABB6007F8E9E /* PGCPickerUtils.swift in Sources */ = {isa = PBXBuildFile; fileRef = B84ECBDF2541ABB6007F8E9E /* PGCPickerUtils.swift */; };
		B84ECBE72541ABD0007F8E9E /* PGCPickerViewController.storyboard in Resources */ = {isa = PBXBuildFile; fileRef = B84ECBE62541ABCF007F8E9E /* PGCPickerViewController.storyboard */; };
		B84ECBEA2541AC01007F8E9E /* PGCPickerViewController.swift in Sources */ = {isa = PBXBuildFile; fileRef = B84ECBE92541AC01007F8E9E /* PGCPickerViewController.swift */; };
		B84ECBF12541AEB1007F8E9E /* ServiceSport.swift in Sources */ = {isa = PBXBuildFile; fileRef = B84ECBF02541AEB1007F8E9E /* ServiceSport.swift */; };
		B84ECBF52541AFD8007F8E9E /* Sport.swift in Sources */ = {isa = PBXBuildFile; fileRef = B84ECBF42541AFD8007F8E9E /* Sport.swift */; };
		B87B2649254232B5007D4A4D /* AnimatedLaunchScreen.storyboard in Resources */ = {isa = PBXBuildFile; fileRef = B87B2648254232B5007D4A4D /* AnimatedLaunchScreen.storyboard */; };
		B87B264C254232C6007D4A4D /* AnimatedLaunchScreenVC.swift in Sources */ = {isa = PBXBuildFile; fileRef = B87B264B254232C6007D4A4D /* AnimatedLaunchScreenVC.swift */; };
		B87B2655254234B9007D4A4D /* Version.swift in Sources */ = {isa = PBXBuildFile; fileRef = B87B2654254234B9007D4A4D /* Version.swift */; };
		B87B2658254236AA007D4A4D /* MStoryboard.swift in Sources */ = {isa = PBXBuildFile; fileRef = B87B2657254236AA007D4A4D /* MStoryboard.swift */; };
		B87BDA0C253F8E0A00252B96 /* UIViewController+M.swift in Sources */ = {isa = PBXBuildFile; fileRef = B87BDA0B253F8E0A00252B96 /* UIViewController+M.swift */; };
		B8B7DAEE255857AC00B33BDB /* Home.storyboard in Resources */ = {isa = PBXBuildFile; fileRef = B8B7DAED255857AC00B33BDB /* Home.storyboard */; };
		B8CE19C1253DBAE5002AC5A5 /* AppDelegate.swift in Sources */ = {isa = PBXBuildFile; fileRef = B8CE19C0253DBAE5002AC5A5 /* AppDelegate.swift */; };
		B8CE19CA253DBAE7002AC5A5 /* Assets.xcassets in Resources */ = {isa = PBXBuildFile; fileRef = B8CE19C9253DBAE7002AC5A5 /* Assets.xcassets */; };
		B8CE19CD253DBAE7002AC5A5 /* LaunchScreen.storyboard in Resources */ = {isa = PBXBuildFile; fileRef = B8CE19CB253DBAE7002AC5A5 /* LaunchScreen.storyboard */; };
		B8F71AD1254B985B00D686B4 /* UIView+M.swift in Sources */ = {isa = PBXBuildFile; fileRef = B8F71AD0254B985B00D686B4 /* UIView+M.swift */; };
		B8FDE37D253F730F00BD29B2 /* L10N.swift in Sources */ = {isa = PBXBuildFile; fileRef = B8FDE37C253F730F00BD29B2 /* L10N.swift */; };
		B8FDE3AC253F780F00BD29B2 /* Localizable.strings in Resources */ = {isa = PBXBuildFile; fileRef = B8FDE3AE253F780F00BD29B2 /* Localizable.strings */; };
		B8FDE3B6253F79B800BD29B2 /* Lato-Bold.ttf in Resources */ = {isa = PBXBuildFile; fileRef = B8FDE3B4253F79AC00BD29B2 /* Lato-Bold.ttf */; };
		B8FDE3B7253F79B800BD29B2 /* Lato-Semibold.ttf in Resources */ = {isa = PBXBuildFile; fileRef = B8FDE3B3253F79AC00BD29B2 /* Lato-Semibold.ttf */; };
		B8FDE3B8253F79B800BD29B2 /* Lato-Regular.ttf in Resources */ = {isa = PBXBuildFile; fileRef = B8FDE3B2253F79AC00BD29B2 /* Lato-Regular.ttf */; };
		B8FDE3B9253F79B800BD29B2 /* Lato-Light.ttf in Resources */ = {isa = PBXBuildFile; fileRef = B8FDE3B5253F79AC00BD29B2 /* Lato-Light.ttf */; };
		E31E442F6F04E2E9F9202CE0 /* Pods_Riada.framework in Frameworks */ = {isa = PBXBuildFile; fileRef = CE32DA81562A2C4D94C3CBD2 /* Pods_Riada.framework */; };
		EE1202A527578B7E0068F0F3 /* EventStatus.swift in Sources */ = {isa = PBXBuildFile; fileRef = EE1202A427578B7E0068F0F3 /* EventStatus.swift */; };
		EE1202AB2757C58B0068F0F3 /* EventPlaceWithPicturesCell.swift in Sources */ = {isa = PBXBuildFile; fileRef = EE1202A92757C58B0068F0F3 /* EventPlaceWithPicturesCell.swift */; };
		EE1202AC2757C58B0068F0F3 /* EventPlaceWithPicturesCell.xib in Resources */ = {isa = PBXBuildFile; fileRef = EE1202AA2757C58B0068F0F3 /* EventPlaceWithPicturesCell.xib */; };
		EE1202AF2757C5930068F0F3 /* PhotoCell.swift in Sources */ = {isa = PBXBuildFile; fileRef = EE1202AD2757C5930068F0F3 /* PhotoCell.swift */; };
		EE1202B02757C5930068F0F3 /* PhotoCell.xib in Resources */ = {isa = PBXBuildFile; fileRef = EE1202AE2757C5930068F0F3 /* PhotoCell.xib */; };
		EE1202B22757D6B00068F0F3 /* PhotoVC.swift in Sources */ = {isa = PBXBuildFile; fileRef = EE1202B12757D6B00068F0F3 /* PhotoVC.swift */; };
		EE1202BB2757E6B60068F0F3 /* NavigationController.swift in Sources */ = {isa = PBXBuildFile; fileRef = EE1202BA2757E6B60068F0F3 /* NavigationController.swift */; };
		EE21C3952747E08900F484F4 /* NotificationsVC.swift in Sources */ = {isa = PBXBuildFile; fileRef = EE21C3942747E08900F484F4 /* NotificationsVC.swift */; };
		EE21C3992747E27A00F484F4 /* NotificationCell.swift in Sources */ = {isa = PBXBuildFile; fileRef = EE21C3972747E27A00F484F4 /* NotificationCell.swift */; };
		EE21C39A2747E27A00F484F4 /* NotificationCell.xib in Resources */ = {isa = PBXBuildFile; fileRef = EE21C3982747E27A00F484F4 /* NotificationCell.xib */; };
		EE21C39C2747F42E00F484F4 /* HelperDistance.swift in Sources */ = {isa = PBXBuildFile; fileRef = EE21C39B2747F42E00F484F4 /* HelperDistance.swift */; };
		EE27193926EBD21100A3F281 /* Notification.swift in Sources */ = {isa = PBXBuildFile; fileRef = EE27193826EBD21100A3F281 /* Notification.swift */; };
		EE27193D26EBD2E000A3F281 /* User.swift in Sources */ = {isa = PBXBuildFile; fileRef = EE27193C26EBD2E000A3F281 /* User.swift */; };
		EE27196726EBD42000A3F281 /* RelatedEvent.swift in Sources */ = {isa = PBXBuildFile; fileRef = EE27196626EBD42000A3F281 /* RelatedEvent.swift */; };
		EE27196B26EBD50600A3F281 /* FavoriteSport.swift in Sources */ = {isa = PBXBuildFile; fileRef = EE27196A26EBD50600A3F281 /* FavoriteSport.swift */; };
		EE27197B26EBD67D00A3F281 /* Organizer.swift in Sources */ = {isa = PBXBuildFile; fileRef = EE27197A26EBD67D00A3F281 /* Organizer.swift */; };
		EE27197F26EBD70400A3F281 /* Participant.swift in Sources */ = {isa = PBXBuildFile; fileRef = EE27197E26EBD70400A3F281 /* Participant.swift */; };
		EE27198226EBD77000A3F281 /* ParticipationStatus.swift in Sources */ = {isa = PBXBuildFile; fileRef = EE27198126EBD77000A3F281 /* ParticipationStatus.swift */; };
		EE27198626EBD7F500A3F281 /* Guest.swift in Sources */ = {isa = PBXBuildFile; fileRef = EE27198526EBD7F500A3F281 /* Guest.swift */; };
		EE27D2BF2731D7F500051743 /* MyProfileVC.swift in Sources */ = {isa = PBXBuildFile; fileRef = EE27D2BE2731D7F500051743 /* MyProfileVC.swift */; };
		EE5836DA26ECE35100ED203D /* HelperRouting.swift in Sources */ = {isa = PBXBuildFile; fileRef = EE5836D926ECE35100ED203D /* HelperRouting.swift */; };
		EE5836DE26ECE50500ED203D /* OnBoarding.storyboard in Resources */ = {isa = PBXBuildFile; fileRef = EE5836DD26ECE50500ED203D /* OnBoarding.storyboard */; };
		EE5836E326ECE55700ED203D /* OnBoadingVC.swift in Sources */ = {isa = PBXBuildFile; fileRef = EE5836E226ECE55700ED203D /* OnBoadingVC.swift */; };
		EE5836E926ECEC6A00ED203D /* OnBoardingCell.xib in Resources */ = {isa = PBXBuildFile; fileRef = EE5836E726ECEC6A00ED203D /* OnBoardingCell.xib */; };
		EE5836EA26ECEC6A00ED203D /* OnBoardingCell.swift in Sources */ = {isa = PBXBuildFile; fileRef = EE5836E826ECEC6A00ED203D /* OnBoardingCell.swift */; };
		EE5836F026ECF8BF00ED203D /* HomeVC.swift in Sources */ = {isa = PBXBuildFile; fileRef = EE5836EF26ECF8BF00ED203D /* HomeVC.swift */; };
		EE5836F826ECF97300ED203D /* SportCell.swift in Sources */ = {isa = PBXBuildFile; fileRef = EE5836F626ECF97300ED203D /* SportCell.swift */; };
		EE5836F926ECF97300ED203D /* SportCell.xib in Resources */ = {isa = PBXBuildFile; fileRef = EE5836F726ECF97300ED203D /* SportCell.xib */; };
		EE58372126ECFF2E00ED203D /* GoogleService-Info.plist in Resources */ = {isa = PBXBuildFile; fileRef = EE58372026ECFF2E00ED203D /* GoogleService-Info.plist */; };
		EE5A0B13271B27B2009A951B /* MSwitchField.swift in Sources */ = {isa = PBXBuildFile; fileRef = EE5A0B11271B27B2009A951B /* MSwitchField.swift */; };
		EE5A0B14271B27B2009A951B /* MSwitchField.xib in Resources */ = {isa = PBXBuildFile; fileRef = EE5A0B12271B27B2009A951B /* MSwitchField.xib */; };
		EE5A0B18271B5D2B009A951B /* MEventSectionAsOrganizer.swift in Sources */ = {isa = PBXBuildFile; fileRef = EE5A0B16271B5D2B009A951B /* MEventSectionAsOrganizer.swift */; };
		EE5A0B19271B5D2B009A951B /* EventDetailsAsOrganizerVC.swift in Sources */ = {isa = PBXBuildFile; fileRef = EE5A0B17271B5D2B009A951B /* EventDetailsAsOrganizerVC.swift */; };
		EE5A0B1B271B638E009A951B /* ParticipantVC.swift in Sources */ = {isa = PBXBuildFile; fileRef = EE5A0B1A271B638E009A951B /* ParticipantVC.swift */; };
		EE5A0B1D271B6837009A951B /* GuestVC.swift in Sources */ = {isa = PBXBuildFile; fileRef = EE5A0B1C271B6837009A951B /* GuestVC.swift */; };
		EE603BAD26F6337B008D2E41 /* EventDetailsAsParticipantVC.swift in Sources */ = {isa = PBXBuildFile; fileRef = EE603BAC26F6337B008D2E41 /* EventDetailsAsParticipantVC.swift */; };
		EE603BBC26F6356C008D2E41 /* EventOrganizerCell.swift in Sources */ = {isa = PBXBuildFile; fileRef = EE603BB826F6356B008D2E41 /* EventOrganizerCell.swift */; };
		EE603BBF26F6356C008D2E41 /* EventOrganizerCell.xib in Resources */ = {isa = PBXBuildFile; fileRef = EE603BBB26F6356C008D2E41 /* EventOrganizerCell.xib */; };
		EE603BD626F6437F008D2E41 /* EventInformationsCell.swift in Sources */ = {isa = PBXBuildFile; fileRef = EE603BD426F6437F008D2E41 /* EventInformationsCell.swift */; };
		EE603BD726F6437F008D2E41 /* EventInformationsCell.xib in Resources */ = {isa = PBXBuildFile; fileRef = EE603BD526F6437F008D2E41 /* EventInformationsCell.xib */; };
		EE66EE7A2843AD9C00F24E1B /* MTextView.swift in Sources */ = {isa = PBXBuildFile; fileRef = EE66EE792843AD9C00F24E1B /* MTextView.swift */; };
		EE66EE7C2843AE0200F24E1B /* MTextView.xib in Resources */ = {isa = PBXBuildFile; fileRef = EE66EE7B2843AE0200F24E1B /* MTextView.xib */; };
		EE6B7F6626FF7AF500E44B7C /* AddGuestVC.swift in Sources */ = {isa = PBXBuildFile; fileRef = EE6B7F6526FF7AF500E44B7C /* AddGuestVC.swift */; };
		EE6B7F6926FF7B6A00E44B7C /* MKeyboardVC.swift in Sources */ = {isa = PBXBuildFile; fileRef = EE6B7F6826FF7B6A00E44B7C /* MKeyboardVC.swift */; };
		EE6B7F6B270077C800E44B7C /* ManagerDeepLink.swift in Sources */ = {isa = PBXBuildFile; fileRef = EE6B7F6A270077C800E44B7C /* ManagerDeepLink.swift */; };
		EE6E43152736C5A100A48B84 /* ImagePicker.xib in Resources */ = {isa = PBXBuildFile; fileRef = EE6E43132736C5A100A48B84 /* ImagePicker.xib */; };
		EE6E43162736C5A100A48B84 /* ImagePicker.swift in Sources */ = {isa = PBXBuildFile; fileRef = EE6E43142736C5A100A48B84 /* ImagePicker.swift */; };
		EE6E43182736D6DE00A48B84 /* UIImage+M.swift in Sources */ = {isa = PBXBuildFile; fileRef = EE6E43172736D6DE00A48B84 /* UIImage+M.swift */; };
		EE6E431C273C185400A48B84 /* InformationsCell.swift in Sources */ = {isa = PBXBuildFile; fileRef = EE6E431A273C185400A48B84 /* InformationsCell.swift */; };
		EE6E431D273C185400A48B84 /* InformationsCell.xib in Resources */ = {isa = PBXBuildFile; fileRef = EE6E431B273C185400A48B84 /* InformationsCell.xib */; };
		EE6E431F273D2CFC00A48B84 /* OtherProfile.storyboard in Resources */ = {isa = PBXBuildFile; fileRef = EE6E431E273D2CFB00A48B84 /* OtherProfile.storyboard */; };
		EE6E4324273D2D8000A48B84 /* MOtherProfileSection.swift in Sources */ = {isa = PBXBuildFile; fileRef = EE6E4322273D2D8000A48B84 /* MOtherProfileSection.swift */; };
		EE6E4325273D2D8000A48B84 /* OtherProfileVC.swift in Sources */ = {isa = PBXBuildFile; fileRef = EE6E4323273D2D8000A48B84 /* OtherProfileVC.swift */; };
		EE75D5682707481F004B7973 /* HelperDynamicLink.swift in Sources */ = {isa = PBXBuildFile; fileRef = EE75D5672707481F004B7973 /* HelperDynamicLink.swift */; };
		EE8951DB274111570081AE09 /* SettingsVC.swift in Sources */ = {isa = PBXBuildFile; fileRef = EE8951DA274111570081AE09 /* SettingsVC.swift */; };
		EE8951DE2741122F0081AE09 /* MProfileSection.swift in Sources */ = {isa = PBXBuildFile; fileRef = EE8951DD2741122F0081AE09 /* MProfileSection.swift */; };
		EE8951E2274112440081AE09 /* SettingCell.swift in Sources */ = {isa = PBXBuildFile; fileRef = EE8951E0274112440081AE09 /* SettingCell.swift */; };
		EE8951E3274112440081AE09 /* SettingCell.xib in Resources */ = {isa = PBXBuildFile; fileRef = EE8951E1274112440081AE09 /* SettingCell.xib */; };
		EE8951E527411D8B0081AE09 /* UIDevice+M.swift in Sources */ = {isa = PBXBuildFile; fileRef = EE8951E427411D8B0081AE09 /* UIDevice+M.swift */; };
		EE8951E72741211F0081AE09 /* HelperTracking.swift in Sources */ = {isa = PBXBuildFile; fileRef = EE8951E62741211F0081AE09 /* HelperTracking.swift */; };
		EE8E664B26ED0DD200FB3FDB /* applanga_settings.applanga in Resources */ = {isa = PBXBuildFile; fileRef = EE8E664A26ED0DD000FB3FDB /* applanga_settings.applanga */; };
		EE9B6FB027352E6B00A12AF7 /* CustomSegmentControl.swift in Sources */ = {isa = PBXBuildFile; fileRef = EE9B6FAF27352E6B00A12AF7 /* CustomSegmentControl.swift */; };
		EE9B6FB4273581E000A12AF7 /* RelatedEventCell.swift in Sources */ = {isa = PBXBuildFile; fileRef = EE9B6FB2273581E000A12AF7 /* RelatedEventCell.swift */; };
		EE9B6FB5273581E000A12AF7 /* RelatedEventCell.xib in Resources */ = {isa = PBXBuildFile; fileRef = EE9B6FB3273581E000A12AF7 /* RelatedEventCell.xib */; };
		EEABEE282725B8C800F3E64C /* String+M.swift in Sources */ = {isa = PBXBuildFile; fileRef = EEABEE272725B8C800F3E64C /* String+M.swift */; };
		EEABEE2B2725BA9F00F3E64C /* PersonNameComponents+M.swift in Sources */ = {isa = PBXBuildFile; fileRef = EEABEE2A2725BA9F00F3E64C /* PersonNameComponents+M.swift */; };
		EEAE66032725A4470048F559 /* SignInCell.xib in Resources */ = {isa = PBXBuildFile; fileRef = EEAE66012725A4470048F559 /* SignInCell.xib */; };
		EEAE66042725A4470048F559 /* SignInCell.swift in Sources */ = {isa = PBXBuildFile; fileRef = EEAE66022725A4470048F559 /* SignInCell.swift */; };
		EEAE66072725A50F0048F559 /* AnonymouslyCell.swift in Sources */ = {isa = PBXBuildFile; fileRef = EEAE66052725A50F0048F559 /* AnonymouslyCell.swift */; };
		EEAE66082725A50F0048F559 /* AnonymouslyCell.xib in Resources */ = {isa = PBXBuildFile; fileRef = EEAE66062725A50F0048F559 /* AnonymouslyCell.xib */; };
		EEAF6F742723D54B00D330C6 /* EditEventVC.swift in Sources */ = {isa = PBXBuildFile; fileRef = EEAF6F732723D54B00D330C6 /* EditEventVC.swift */; };
		EEB8F1EA26FE01AC005ABC27 /* UIColor+M.swift in Sources */ = {isa = PBXBuildFile; fileRef = EEB8F1E926FE01AC005ABC27 /* UIColor+M.swift */; };
		EEB8F1ED26FE05E8005ABC27 /* MButton.swift in Sources */ = {isa = PBXBuildFile; fileRef = EEB8F1EC26FE05E8005ABC27 /* MButton.swift */; };
		EEB8F1EF26FE0EC3005ABC27 /* ParticipateVC.swift in Sources */ = {isa = PBXBuildFile; fileRef = EEB8F1EE26FE0EC3005ABC27 /* ParticipateVC.swift */; };
		EEB8F1F226FF62C7005ABC27 /* MEventSectionAsParticipant.swift in Sources */ = {isa = PBXBuildFile; fileRef = EEB8F1F126FF62C7005ABC27 /* MEventSectionAsParticipant.swift */; };
		EEBBD46E27184DF600519EBC /* OrganizeEventVC.swift in Sources */ = {isa = PBXBuildFile; fileRef = EEBBD46D27184DF600519EBC /* OrganizeEventVC.swift */; };
		EEBBD4742718638D00519EBC /* MPickerField.swift in Sources */ = {isa = PBXBuildFile; fileRef = EEBBD4722718638D00519EBC /* MPickerField.swift */; };
		EEBBD4752718638D00519EBC /* MPickerField.xib in Resources */ = {isa = PBXBuildFile; fileRef = EEBBD4732718638D00519EBC /* MPickerField.xib */; };
		EEBBD479271863A500519EBC /* MDatePickerField.xib in Resources */ = {isa = PBXBuildFile; fileRef = EEBBD477271863A500519EBC /* MDatePickerField.xib */; };
		EEBBD47A271863A500519EBC /* MDatePickerField.swift in Sources */ = {isa = PBXBuildFile; fileRef = EEBBD478271863A500519EBC /* MDatePickerField.swift */; };
		EEBBD47E271863FB00519EBC /* NbPlayersPickerSource.swift in Sources */ = {isa = PBXBuildFile; fileRef = EEBBD47C271863FB00519EBC /* NbPlayersPickerSource.swift */; };
		EEBBD47F271863FB00519EBC /* SportPickerSource.swift in Sources */ = {isa = PBXBuildFile; fileRef = EEBBD47D271863FB00519EBC /* SportPickerSource.swift */; };
		EEBBD482271866C900519EBC /* ManagerSport.swift in Sources */ = {isa = PBXBuildFile; fileRef = EEBBD481271866C900519EBC /* ManagerSport.swift */; };
		EEC03AD3275B8BF000F0C0AD /* ManagerUserPreferences.swift in Sources */ = {isa = PBXBuildFile; fileRef = EEC03AD2275B8BF000F0C0AD /* ManagerUserPreferences.swift */; };
		EED3CF0027245FC40072ED2B /* MyProfile.storyboard in Resources */ = {isa = PBXBuildFile; fileRef = EED3CEFF27245FC40072ED2B /* MyProfile.storyboard */; };
		EED3CF03272460620072ED2B /* SignUpVC.swift in Sources */ = {isa = PBXBuildFile; fileRef = EED3CF02272460620072ED2B /* SignUpVC.swift */; };
		EED3CF07272460CC0072ED2B /* MSignUpSection.swift in Sources */ = {isa = PBXBuildFile; fileRef = EED3CF05272460CC0072ED2B /* MSignUpSection.swift */; };
		EEDC9A9826FDC0C100627C73 /* EventPlaceCell.swift in Sources */ = {isa = PBXBuildFile; fileRef = EEDC9A9626FDC0C100627C73 /* EventPlaceCell.swift */; };
		EEDC9A9926FDC0C100627C73 /* EventPlaceCell.xib in Resources */ = {isa = PBXBuildFile; fileRef = EEDC9A9726FDC0C100627C73 /* EventPlaceCell.xib */; };
		EEDC9A9C26FDCB5E00627C73 /* UICollectionView+M.swift in Sources */ = {isa = PBXBuildFile; fileRef = EEDC9A9B26FDCB5E00627C73 /* UICollectionView+M.swift */; };
		EEDC9AB026FDEA7D00627C73 /* EventParticipantCell.swift in Sources */ = {isa = PBXBuildFile; fileRef = EEDC9AAE26FDEA7C00627C73 /* EventParticipantCell.swift */; };
		EEDC9AB126FDEA7D00627C73 /* EventParticipantCell.xib in Resources */ = {isa = PBXBuildFile; fileRef = EEDC9AAF26FDEA7C00627C73 /* EventParticipantCell.xib */; };
		EEE1F46626F23A4900754DDD /* MTextField.swift in Sources */ = {isa = PBXBuildFile; fileRef = EEE1F46426F23A4900754DDD /* MTextField.swift */; };
		EEE1F46726F23A4900754DDD /* MTextField.xib in Resources */ = {isa = PBXBuildFile; fileRef = EEE1F46526F23A4900754DDD /* MTextField.xib */; };
		EEE1F46A26F23D0700754DDD /* SearchLocationVC.swift in Sources */ = {isa = PBXBuildFile; fileRef = EEE1F46926F23D0700754DDD /* SearchLocationVC.swift */; };
		EEE1F46F26F23DF300754DDD /* CityCell.swift in Sources */ = {isa = PBXBuildFile; fileRef = EEE1F46D26F23DF200754DDD /* CityCell.swift */; };
		EEE1F47026F23DF300754DDD /* CityCell.xib in Resources */ = {isa = PBXBuildFile; fileRef = EEE1F46E26F23DF300754DDD /* CityCell.xib */; };
		EEE1F47326F3BEB500754DDD /* EventsVC.swift in Sources */ = {isa = PBXBuildFile; fileRef = EEE1F47226F3BEB500754DDD /* EventsVC.swift */; };
		EEE1F47B26F3BEF200754DDD /* Event.storyboard in Resources */ = {isa = PBXBuildFile; fileRef = EEE1F47A26F3BEF200754DDD /* Event.storyboard */; };
		EEE1F48226F3C0C400754DDD /* SectionCell.xib in Resources */ = {isa = PBXBuildFile; fileRef = EEE1F47E26F3C0C400754DDD /* SectionCell.xib */; };
		EEE1F48326F3C0C400754DDD /* SectionCell.swift in Sources */ = {isa = PBXBuildFile; fileRef = EEE1F47F26F3C0C400754DDD /* SectionCell.swift */; };
		EEE1F48426F3C0C400754DDD /* EventCell.swift in Sources */ = {isa = PBXBuildFile; fileRef = EEE1F48026F3C0C400754DDD /* EventCell.swift */; };
		EEE1F48526F3C0C400754DDD /* EventCell.xib in Resources */ = {isa = PBXBuildFile; fileRef = EEE1F48126F3C0C400754DDD /* EventCell.xib */; };
		EEE1F48B26F3C9A600754DDD /* ServiceEvent.swift in Sources */ = {isa = PBXBuildFile; fileRef = EEE1F48A26F3C9A600754DDD /* ServiceEvent.swift */; };
		EEE1F48F26F3CCFC00754DDD /* UITableView+M.swift in Sources */ = {isa = PBXBuildFile; fileRef = EEE1F48E26F3CCFC00754DDD /* UITableView+M.swift */; };
		EEF08FE026ED274400B335FA /* ServiceVersion.swift in Sources */ = {isa = PBXBuildFile; fileRef = EEF08FDF26ED274400B335FA /* ServiceVersion.swift */; };
/* End PBXBuildFile section */

/* Begin PBXFileReference section */
		6562728B2581367300CDA0F9 /* MSettingSection.swift */ = {isa = PBXFileReference; lastKnownFileType = sourcecode.swift; path = MSettingSection.swift; sourceTree = "<group>"; };
		6562728E2581432C00CDA0F9 /* ServiceDeviceToken.swift */ = {isa = PBXFileReference; fileEncoding = 4; lastKnownFileType = sourcecode.swift; path = ServiceDeviceToken.swift; sourceTree = "<group>"; };
		656272992584B01D00CDA0F9 /* ServiceNotification.swift */ = {isa = PBXFileReference; lastKnownFileType = sourcecode.swift; path = ServiceNotification.swift; sourceTree = "<group>"; };
		6562729C2584B2AC00CDA0F9 /* MNotificationType.swift */ = {isa = PBXFileReference; lastKnownFileType = sourcecode.swift; path = MNotificationType.swift; sourceTree = "<group>"; };
		656272A42586535100CDA0F9 /* HelperNotification.swift */ = {isa = PBXFileReference; fileEncoding = 4; lastKnownFileType = sourcecode.swift; path = HelperNotification.swift; sourceTree = "<group>"; };
		656272A82586537C00CDA0F9 /* CurrentNotification.swift */ = {isa = PBXFileReference; fileEncoding = 4; lastKnownFileType = sourcecode.swift; path = CurrentNotification.swift; sourceTree = "<group>"; };
		6788B25E4DA64D52DFED40C8 /* Pods-Riada.release.xcconfig */ = {isa = PBXFileReference; includeInIndex = 1; lastKnownFileType = text.xcconfig; name = "Pods-Riada.release.xcconfig"; path = "Target Support Files/Pods-Riada/Pods-Riada.release.xcconfig"; sourceTree = "<group>"; };
		74EB47B79B92112AC4818753 /* Pods-Riada.debug.xcconfig */ = {isa = PBXFileReference; includeInIndex = 1; lastKnownFileType = text.xcconfig; name = "Pods-Riada.debug.xcconfig"; path = "Target Support Files/Pods-Riada/Pods-Riada.debug.xcconfig"; sourceTree = "<group>"; };
		B811E8A6254F6835008DB735 /* Timestamp+M.swift */ = {isa = PBXFileReference; lastKnownFileType = sourcecode.swift; path = "Timestamp+M.swift"; sourceTree = "<group>"; };
		B82FE3BE255DFB4800B52099 /* ServiceGooglePlace.swift */ = {isa = PBXFileReference; fileEncoding = 4; lastKnownFileType = sourcecode.swift; path = ServiceGooglePlace.swift; sourceTree = "<group>"; };
		B836B61A2548D94100AAF48A /* ManagerUser.swift */ = {isa = PBXFileReference; lastKnownFileType = sourcecode.swift; path = ManagerUser.swift; sourceTree = "<group>"; };
		B836B6202548E45B00AAF48A /* UIButton+M.swift */ = {isa = PBXFileReference; lastKnownFileType = sourcecode.swift; path = "UIButton+M.swift"; sourceTree = "<group>"; };
		B836B6242548E73400AAF48A /* Event.swift */ = {isa = PBXFileReference; lastKnownFileType = sourcecode.swift; path = Event.swift; sourceTree = "<group>"; };
		B836B639254B312200AAF48A /* City.swift */ = {isa = PBXFileReference; lastKnownFileType = sourcecode.swift; path = City.swift; sourceTree = "<group>"; };
		B83BF57A255EED99006903A2 /* CollectionReference+M.swift */ = {isa = PBXFileReference; lastKnownFileType = sourcecode.swift; path = "CollectionReference+M.swift"; sourceTree = "<group>"; };
		B84ECBB625403235007F8E9E /* ServiceUser.swift */ = {isa = PBXFileReference; lastKnownFileType = sourcecode.swift; path = ServiceUser.swift; sourceTree = "<group>"; };
		B84ECBB9254036CF007F8E9E /* FirebaseConfig.swift */ = {isa = PBXFileReference; lastKnownFileType = sourcecode.swift; path = FirebaseConfig.swift; sourceTree = "<group>"; };
		B84ECBBF25403840007F8E9E /* Config.swift */ = {isa = PBXFileReference; lastKnownFileType = sourcecode.swift; path = Config.swift; sourceTree = "<group>"; };
		B84ECBDF2541ABB6007F8E9E /* PGCPickerUtils.swift */ = {isa = PBXFileReference; lastKnownFileType = sourcecode.swift; path = PGCPickerUtils.swift; sourceTree = "<group>"; };
		B84ECBE62541ABCF007F8E9E /* PGCPickerViewController.storyboard */ = {isa = PBXFileReference; lastKnownFileType = file.storyboard; path = PGCPickerViewController.storyboard; sourceTree = "<group>"; };
		B84ECBE92541AC01007F8E9E /* PGCPickerViewController.swift */ = {isa = PBXFileReference; lastKnownFileType = sourcecode.swift; path = PGCPickerViewController.swift; sourceTree = "<group>"; };
		B84ECBF02541AEB1007F8E9E /* ServiceSport.swift */ = {isa = PBXFileReference; lastKnownFileType = sourcecode.swift; path = ServiceSport.swift; sourceTree = "<group>"; };
		B84ECBF42541AFD8007F8E9E /* Sport.swift */ = {isa = PBXFileReference; lastKnownFileType = sourcecode.swift; path = Sport.swift; sourceTree = "<group>"; };
		B87B2648254232B5007D4A4D /* AnimatedLaunchScreen.storyboard */ = {isa = PBXFileReference; lastKnownFileType = file.storyboard; path = AnimatedLaunchScreen.storyboard; sourceTree = "<group>"; };
		B87B264B254232C6007D4A4D /* AnimatedLaunchScreenVC.swift */ = {isa = PBXFileReference; lastKnownFileType = sourcecode.swift; path = AnimatedLaunchScreenVC.swift; sourceTree = "<group>"; };
		B87B2654254234B9007D4A4D /* Version.swift */ = {isa = PBXFileReference; lastKnownFileType = sourcecode.swift; path = Version.swift; sourceTree = "<group>"; };
		B87B2657254236AA007D4A4D /* MStoryboard.swift */ = {isa = PBXFileReference; lastKnownFileType = sourcecode.swift; path = MStoryboard.swift; sourceTree = "<group>"; };
		B87BDA0B253F8E0A00252B96 /* UIViewController+M.swift */ = {isa = PBXFileReference; lastKnownFileType = sourcecode.swift; path = "UIViewController+M.swift"; sourceTree = "<group>"; };
		B8B7DAED255857AC00B33BDB /* Home.storyboard */ = {isa = PBXFileReference; fileEncoding = 4; lastKnownFileType = file.storyboard; path = Home.storyboard; sourceTree = "<group>"; };
		B8CE19BD253DBAE5002AC5A5 /* Riada.app */ = {isa = PBXFileReference; explicitFileType = wrapper.application; includeInIndex = 0; path = Riada.app; sourceTree = BUILT_PRODUCTS_DIR; };
		B8CE19C0253DBAE5002AC5A5 /* AppDelegate.swift */ = {isa = PBXFileReference; lastKnownFileType = sourcecode.swift; path = AppDelegate.swift; sourceTree = "<group>"; };
		B8CE19C9253DBAE7002AC5A5 /* Assets.xcassets */ = {isa = PBXFileReference; lastKnownFileType = folder.assetcatalog; path = Assets.xcassets; sourceTree = "<group>"; };
		B8CE19CC253DBAE7002AC5A5 /* Base */ = {isa = PBXFileReference; lastKnownFileType = file.storyboard; name = Base; path = Base.lproj/LaunchScreen.storyboard; sourceTree = "<group>"; };
		B8CE19CE253DBAE7002AC5A5 /* Info.plist */ = {isa = PBXFileReference; lastKnownFileType = text.plist.xml; path = Info.plist; sourceTree = "<group>"; };
		B8F71AD0254B985B00D686B4 /* UIView+M.swift */ = {isa = PBXFileReference; lastKnownFileType = sourcecode.swift; path = "UIView+M.swift"; sourceTree = "<group>"; };
		B8FDE37C253F730F00BD29B2 /* L10N.swift */ = {isa = PBXFileReference; lastKnownFileType = sourcecode.swift; path = L10N.swift; sourceTree = "<group>"; };
		B8FDE3AD253F780F00BD29B2 /* en */ = {isa = PBXFileReference; lastKnownFileType = text.plist.strings; name = en; path = en.lproj/Localizable.strings; sourceTree = "<group>"; };
		B8FDE3AF253F784900BD29B2 /* fr */ = {isa = PBXFileReference; lastKnownFileType = text.plist.strings; name = fr; path = fr.lproj/Localizable.strings; sourceTree = "<group>"; };
		B8FDE3B2253F79AC00BD29B2 /* Lato-Regular.ttf */ = {isa = PBXFileReference; lastKnownFileType = file; path = "Lato-Regular.ttf"; sourceTree = "<group>"; };
		B8FDE3B3253F79AC00BD29B2 /* Lato-Semibold.ttf */ = {isa = PBXFileReference; lastKnownFileType = file; path = "Lato-Semibold.ttf"; sourceTree = "<group>"; };
		B8FDE3B4253F79AC00BD29B2 /* Lato-Bold.ttf */ = {isa = PBXFileReference; lastKnownFileType = file; path = "Lato-Bold.ttf"; sourceTree = "<group>"; };
		B8FDE3B5253F79AC00BD29B2 /* Lato-Light.ttf */ = {isa = PBXFileReference; lastKnownFileType = file; path = "Lato-Light.ttf"; sourceTree = "<group>"; };
		CE32DA81562A2C4D94C3CBD2 /* Pods_Riada.framework */ = {isa = PBXFileReference; explicitFileType = wrapper.framework; includeInIndex = 0; path = Pods_Riada.framework; sourceTree = BUILT_PRODUCTS_DIR; };
		EE1202A427578B7E0068F0F3 /* EventStatus.swift */ = {isa = PBXFileReference; lastKnownFileType = sourcecode.swift; path = EventStatus.swift; sourceTree = "<group>"; };
		EE1202A92757C58B0068F0F3 /* EventPlaceWithPicturesCell.swift */ = {isa = PBXFileReference; fileEncoding = 4; lastKnownFileType = sourcecode.swift; path = EventPlaceWithPicturesCell.swift; sourceTree = "<group>"; };
		EE1202AA2757C58B0068F0F3 /* EventPlaceWithPicturesCell.xib */ = {isa = PBXFileReference; fileEncoding = 4; lastKnownFileType = file.xib; path = EventPlaceWithPicturesCell.xib; sourceTree = "<group>"; };
		EE1202AD2757C5930068F0F3 /* PhotoCell.swift */ = {isa = PBXFileReference; fileEncoding = 4; lastKnownFileType = sourcecode.swift; path = PhotoCell.swift; sourceTree = "<group>"; };
		EE1202AE2757C5930068F0F3 /* PhotoCell.xib */ = {isa = PBXFileReference; fileEncoding = 4; lastKnownFileType = file.xib; path = PhotoCell.xib; sourceTree = "<group>"; };
		EE1202B12757D6B00068F0F3 /* PhotoVC.swift */ = {isa = PBXFileReference; lastKnownFileType = sourcecode.swift; path = PhotoVC.swift; sourceTree = "<group>"; };
		EE1202BA2757E6B60068F0F3 /* NavigationController.swift */ = {isa = PBXFileReference; lastKnownFileType = sourcecode.swift; path = NavigationController.swift; sourceTree = "<group>"; };
		EE21C3942747E08900F484F4 /* NotificationsVC.swift */ = {isa = PBXFileReference; lastKnownFileType = sourcecode.swift; path = NotificationsVC.swift; sourceTree = "<group>"; };
		EE21C3972747E27A00F484F4 /* NotificationCell.swift */ = {isa = PBXFileReference; fileEncoding = 4; lastKnownFileType = sourcecode.swift; path = NotificationCell.swift; sourceTree = "<group>"; };
		EE21C3982747E27A00F484F4 /* NotificationCell.xib */ = {isa = PBXFileReference; fileEncoding = 4; lastKnownFileType = file.xib; path = NotificationCell.xib; sourceTree = "<group>"; };
		EE21C39B2747F42E00F484F4 /* HelperDistance.swift */ = {isa = PBXFileReference; lastKnownFileType = sourcecode.swift; path = HelperDistance.swift; sourceTree = "<group>"; };
		EE27193826EBD21100A3F281 /* Notification.swift */ = {isa = PBXFileReference; lastKnownFileType = sourcecode.swift; path = Notification.swift; sourceTree = "<group>"; };
		EE27193C26EBD2E000A3F281 /* User.swift */ = {isa = PBXFileReference; lastKnownFileType = sourcecode.swift; path = User.swift; sourceTree = "<group>"; };
		EE27196626EBD42000A3F281 /* RelatedEvent.swift */ = {isa = PBXFileReference; lastKnownFileType = sourcecode.swift; path = RelatedEvent.swift; sourceTree = "<group>"; };
		EE27196A26EBD50600A3F281 /* FavoriteSport.swift */ = {isa = PBXFileReference; lastKnownFileType = sourcecode.swift; path = FavoriteSport.swift; sourceTree = "<group>"; };
		EE27197A26EBD67D00A3F281 /* Organizer.swift */ = {isa = PBXFileReference; lastKnownFileType = sourcecode.swift; path = Organizer.swift; sourceTree = "<group>"; };
		EE27197E26EBD70400A3F281 /* Participant.swift */ = {isa = PBXFileReference; lastKnownFileType = sourcecode.swift; path = Participant.swift; sourceTree = "<group>"; };
		EE27198126EBD77000A3F281 /* ParticipationStatus.swift */ = {isa = PBXFileReference; lastKnownFileType = sourcecode.swift; path = ParticipationStatus.swift; sourceTree = "<group>"; };
		EE27198526EBD7F500A3F281 /* Guest.swift */ = {isa = PBXFileReference; lastKnownFileType = sourcecode.swift; path = Guest.swift; sourceTree = "<group>"; };
		EE27D2BE2731D7F500051743 /* MyProfileVC.swift */ = {isa = PBXFileReference; fileEncoding = 4; lastKnownFileType = sourcecode.swift; path = MyProfileVC.swift; sourceTree = "<group>"; };
		EE5698472711E93300F215C8 /* Riada.entitlements */ = {isa = PBXFileReference; lastKnownFileType = text.plist.entitlements; path = Riada.entitlements; sourceTree = "<group>"; };
		EE5836D926ECE35100ED203D /* HelperRouting.swift */ = {isa = PBXFileReference; lastKnownFileType = sourcecode.swift; path = HelperRouting.swift; sourceTree = "<group>"; };
		EE5836DD26ECE50500ED203D /* OnBoarding.storyboard */ = {isa = PBXFileReference; lastKnownFileType = file.storyboard; path = OnBoarding.storyboard; sourceTree = "<group>"; };
		EE5836E226ECE55700ED203D /* OnBoadingVC.swift */ = {isa = PBXFileReference; lastKnownFileType = sourcecode.swift; path = OnBoadingVC.swift; sourceTree = "<group>"; };
		EE5836E726ECEC6A00ED203D /* OnBoardingCell.xib */ = {isa = PBXFileReference; fileEncoding = 4; lastKnownFileType = file.xib; path = OnBoardingCell.xib; sourceTree = "<group>"; };
		EE5836E826ECEC6A00ED203D /* OnBoardingCell.swift */ = {isa = PBXFileReference; fileEncoding = 4; lastKnownFileType = sourcecode.swift; path = OnBoardingCell.swift; sourceTree = "<group>"; };
		EE5836EF26ECF8BF00ED203D /* HomeVC.swift */ = {isa = PBXFileReference; lastKnownFileType = sourcecode.swift; path = HomeVC.swift; sourceTree = "<group>"; };
		EE5836F626ECF97300ED203D /* SportCell.swift */ = {isa = PBXFileReference; fileEncoding = 4; lastKnownFileType = sourcecode.swift; path = SportCell.swift; sourceTree = "<group>"; };
		EE5836F726ECF97300ED203D /* SportCell.xib */ = {isa = PBXFileReference; fileEncoding = 4; lastKnownFileType = file.xib; path = SportCell.xib; sourceTree = "<group>"; };
		EE58372026ECFF2E00ED203D /* GoogleService-Info.plist */ = {isa = PBXFileReference; fileEncoding = 4; lastKnownFileType = text.plist.xml; path = "GoogleService-Info.plist"; sourceTree = "<group>"; };
		EE5A0B11271B27B2009A951B /* MSwitchField.swift */ = {isa = PBXFileReference; fileEncoding = 4; lastKnownFileType = sourcecode.swift; path = MSwitchField.swift; sourceTree = "<group>"; };
		EE5A0B12271B27B2009A951B /* MSwitchField.xib */ = {isa = PBXFileReference; fileEncoding = 4; lastKnownFileType = file.xib; path = MSwitchField.xib; sourceTree = "<group>"; };
		EE5A0B16271B5D2B009A951B /* MEventSectionAsOrganizer.swift */ = {isa = PBXFileReference; fileEncoding = 4; lastKnownFileType = sourcecode.swift; path = MEventSectionAsOrganizer.swift; sourceTree = "<group>"; };
		EE5A0B17271B5D2B009A951B /* EventDetailsAsOrganizerVC.swift */ = {isa = PBXFileReference; fileEncoding = 4; lastKnownFileType = sourcecode.swift; path = EventDetailsAsOrganizerVC.swift; sourceTree = "<group>"; };
		EE5A0B1A271B638E009A951B /* ParticipantVC.swift */ = {isa = PBXFileReference; fileEncoding = 4; lastKnownFileType = sourcecode.swift; path = ParticipantVC.swift; sourceTree = "<group>"; };
		EE5A0B1C271B6837009A951B /* GuestVC.swift */ = {isa = PBXFileReference; fileEncoding = 4; lastKnownFileType = sourcecode.swift; path = GuestVC.swift; sourceTree = "<group>"; };
		EE603BAC26F6337B008D2E41 /* EventDetailsAsParticipantVC.swift */ = {isa = PBXFileReference; lastKnownFileType = sourcecode.swift; path = EventDetailsAsParticipantVC.swift; sourceTree = "<group>"; };
		EE603BB826F6356B008D2E41 /* EventOrganizerCell.swift */ = {isa = PBXFileReference; fileEncoding = 4; lastKnownFileType = sourcecode.swift; path = EventOrganizerCell.swift; sourceTree = "<group>"; };
		EE603BBB26F6356C008D2E41 /* EventOrganizerCell.xib */ = {isa = PBXFileReference; fileEncoding = 4; lastKnownFileType = file.xib; path = EventOrganizerCell.xib; sourceTree = "<group>"; };
		EE603BD426F6437F008D2E41 /* EventInformationsCell.swift */ = {isa = PBXFileReference; fileEncoding = 4; lastKnownFileType = sourcecode.swift; path = EventInformationsCell.swift; sourceTree = "<group>"; };
		EE603BD526F6437F008D2E41 /* EventInformationsCell.xib */ = {isa = PBXFileReference; fileEncoding = 4; lastKnownFileType = file.xib; path = EventInformationsCell.xib; sourceTree = "<group>"; };
		EE66EE792843AD9C00F24E1B /* MTextView.swift */ = {isa = PBXFileReference; lastKnownFileType = sourcecode.swift; path = MTextView.swift; sourceTree = "<group>"; };
		EE66EE7B2843AE0200F24E1B /* MTextView.xib */ = {isa = PBXFileReference; fileEncoding = 4; lastKnownFileType = file.xib; path = MTextView.xib; sourceTree = "<group>"; };
		EE6B7F6526FF7AF500E44B7C /* AddGuestVC.swift */ = {isa = PBXFileReference; fileEncoding = 4; lastKnownFileType = sourcecode.swift; path = AddGuestVC.swift; sourceTree = "<group>"; };
		EE6B7F6826FF7B6A00E44B7C /* MKeyboardVC.swift */ = {isa = PBXFileReference; lastKnownFileType = sourcecode.swift; path = MKeyboardVC.swift; sourceTree = "<group>"; };
		EE6B7F6A270077C800E44B7C /* ManagerDeepLink.swift */ = {isa = PBXFileReference; lastKnownFileType = sourcecode.swift; path = ManagerDeepLink.swift; sourceTree = "<group>"; };
		EE6E43132736C5A100A48B84 /* ImagePicker.xib */ = {isa = PBXFileReference; fileEncoding = 4; lastKnownFileType = file.xib; path = ImagePicker.xib; sourceTree = "<group>"; };
		EE6E43142736C5A100A48B84 /* ImagePicker.swift */ = {isa = PBXFileReference; fileEncoding = 4; lastKnownFileType = sourcecode.swift; path = ImagePicker.swift; sourceTree = "<group>"; };
		EE6E43172736D6DE00A48B84 /* UIImage+M.swift */ = {isa = PBXFileReference; lastKnownFileType = sourcecode.swift; path = "UIImage+M.swift"; sourceTree = "<group>"; };
		EE6E431A273C185400A48B84 /* InformationsCell.swift */ = {isa = PBXFileReference; fileEncoding = 4; lastKnownFileType = sourcecode.swift; path = InformationsCell.swift; sourceTree = "<group>"; };
		EE6E431B273C185400A48B84 /* InformationsCell.xib */ = {isa = PBXFileReference; fileEncoding = 4; lastKnownFileType = file.xib; path = InformationsCell.xib; sourceTree = "<group>"; };
		EE6E431E273D2CFB00A48B84 /* OtherProfile.storyboard */ = {isa = PBXFileReference; fileEncoding = 4; lastKnownFileType = file.storyboard; path = OtherProfile.storyboard; sourceTree = "<group>"; };
		EE6E4322273D2D8000A48B84 /* MOtherProfileSection.swift */ = {isa = PBXFileReference; fileEncoding = 4; lastKnownFileType = sourcecode.swift; path = MOtherProfileSection.swift; sourceTree = "<group>"; };
		EE6E4323273D2D8000A48B84 /* OtherProfileVC.swift */ = {isa = PBXFileReference; fileEncoding = 4; lastKnownFileType = sourcecode.swift; path = OtherProfileVC.swift; sourceTree = "<group>"; };
		EE75D5672707481F004B7973 /* HelperDynamicLink.swift */ = {isa = PBXFileReference; lastKnownFileType = sourcecode.swift; path = HelperDynamicLink.swift; sourceTree = "<group>"; };
		EE8951DA274111570081AE09 /* SettingsVC.swift */ = {isa = PBXFileReference; lastKnownFileType = sourcecode.swift; path = SettingsVC.swift; sourceTree = "<group>"; };
		EE8951DD2741122F0081AE09 /* MProfileSection.swift */ = {isa = PBXFileReference; fileEncoding = 4; lastKnownFileType = sourcecode.swift; path = MProfileSection.swift; sourceTree = "<group>"; };
		EE8951E0274112440081AE09 /* SettingCell.swift */ = {isa = PBXFileReference; fileEncoding = 4; lastKnownFileType = sourcecode.swift; path = SettingCell.swift; sourceTree = "<group>"; };
		EE8951E1274112440081AE09 /* SettingCell.xib */ = {isa = PBXFileReference; fileEncoding = 4; lastKnownFileType = file.xib; path = SettingCell.xib; sourceTree = "<group>"; };
		EE8951E427411D8B0081AE09 /* UIDevice+M.swift */ = {isa = PBXFileReference; lastKnownFileType = sourcecode.swift; path = "UIDevice+M.swift"; sourceTree = "<group>"; };
		EE8951E62741211F0081AE09 /* HelperTracking.swift */ = {isa = PBXFileReference; lastKnownFileType = sourcecode.swift; path = HelperTracking.swift; sourceTree = "<group>"; };
		EE8E664A26ED0DD000FB3FDB /* applanga_settings.applanga */ = {isa = PBXFileReference; lastKnownFileType = file; path = applanga_settings.applanga; sourceTree = "<group>"; };
		EE9B6FAF27352E6B00A12AF7 /* CustomSegmentControl.swift */ = {isa = PBXFileReference; lastKnownFileType = sourcecode.swift; path = CustomSegmentControl.swift; sourceTree = "<group>"; };
		EE9B6FB2273581E000A12AF7 /* RelatedEventCell.swift */ = {isa = PBXFileReference; fileEncoding = 4; lastKnownFileType = sourcecode.swift; path = RelatedEventCell.swift; sourceTree = "<group>"; };
		EE9B6FB3273581E000A12AF7 /* RelatedEventCell.xib */ = {isa = PBXFileReference; fileEncoding = 4; lastKnownFileType = file.xib; path = RelatedEventCell.xib; sourceTree = "<group>"; };
		EEABEE272725B8C800F3E64C /* String+M.swift */ = {isa = PBXFileReference; lastKnownFileType = sourcecode.swift; path = "String+M.swift"; sourceTree = "<group>"; };
		EEABEE2A2725BA9F00F3E64C /* PersonNameComponents+M.swift */ = {isa = PBXFileReference; lastKnownFileType = sourcecode.swift; path = "PersonNameComponents+M.swift"; sourceTree = "<group>"; };
		EEAE66012725A4470048F559 /* SignInCell.xib */ = {isa = PBXFileReference; fileEncoding = 4; lastKnownFileType = file.xib; path = SignInCell.xib; sourceTree = "<group>"; };
		EEAE66022725A4470048F559 /* SignInCell.swift */ = {isa = PBXFileReference; fileEncoding = 4; lastKnownFileType = sourcecode.swift; path = SignInCell.swift; sourceTree = "<group>"; };
		EEAE66052725A50F0048F559 /* AnonymouslyCell.swift */ = {isa = PBXFileReference; fileEncoding = 4; lastKnownFileType = sourcecode.swift; path = AnonymouslyCell.swift; sourceTree = "<group>"; };
		EEAE66062725A50F0048F559 /* AnonymouslyCell.xib */ = {isa = PBXFileReference; fileEncoding = 4; lastKnownFileType = file.xib; path = AnonymouslyCell.xib; sourceTree = "<group>"; };
		EEAF6F732723D54B00D330C6 /* EditEventVC.swift */ = {isa = PBXFileReference; fileEncoding = 4; lastKnownFileType = sourcecode.swift; path = EditEventVC.swift; sourceTree = "<group>"; };
		EEB8F1E926FE01AC005ABC27 /* UIColor+M.swift */ = {isa = PBXFileReference; lastKnownFileType = sourcecode.swift; path = "UIColor+M.swift"; sourceTree = "<group>"; };
		EEB8F1EC26FE05E8005ABC27 /* MButton.swift */ = {isa = PBXFileReference; lastKnownFileType = sourcecode.swift; path = MButton.swift; sourceTree = "<group>"; };
		EEB8F1EE26FE0EC3005ABC27 /* ParticipateVC.swift */ = {isa = PBXFileReference; fileEncoding = 4; lastKnownFileType = sourcecode.swift; path = ParticipateVC.swift; sourceTree = "<group>"; };
		EEB8F1F126FF62C7005ABC27 /* MEventSectionAsParticipant.swift */ = {isa = PBXFileReference; lastKnownFileType = sourcecode.swift; path = MEventSectionAsParticipant.swift; sourceTree = "<group>"; };
		EEBBD46D27184DF600519EBC /* OrganizeEventVC.swift */ = {isa = PBXFileReference; lastKnownFileType = sourcecode.swift; path = OrganizeEventVC.swift; sourceTree = "<group>"; };
		EEBBD4722718638D00519EBC /* MPickerField.swift */ = {isa = PBXFileReference; fileEncoding = 4; lastKnownFileType = sourcecode.swift; path = MPickerField.swift; sourceTree = "<group>"; };
		EEBBD4732718638D00519EBC /* MPickerField.xib */ = {isa = PBXFileReference; fileEncoding = 4; lastKnownFileType = file.xib; path = MPickerField.xib; sourceTree = "<group>"; };
		EEBBD477271863A500519EBC /* MDatePickerField.xib */ = {isa = PBXFileReference; fileEncoding = 4; lastKnownFileType = file.xib; path = MDatePickerField.xib; sourceTree = "<group>"; };
		EEBBD478271863A500519EBC /* MDatePickerField.swift */ = {isa = PBXFileReference; fileEncoding = 4; lastKnownFileType = sourcecode.swift; path = MDatePickerField.swift; sourceTree = "<group>"; };
		EEBBD47C271863FB00519EBC /* NbPlayersPickerSource.swift */ = {isa = PBXFileReference; fileEncoding = 4; lastKnownFileType = sourcecode.swift; path = NbPlayersPickerSource.swift; sourceTree = "<group>"; };
		EEBBD47D271863FB00519EBC /* SportPickerSource.swift */ = {isa = PBXFileReference; fileEncoding = 4; lastKnownFileType = sourcecode.swift; path = SportPickerSource.swift; sourceTree = "<group>"; };
		EEBBD481271866C900519EBC /* ManagerSport.swift */ = {isa = PBXFileReference; lastKnownFileType = sourcecode.swift; path = ManagerSport.swift; sourceTree = "<group>"; };
		EEC03AD2275B8BF000F0C0AD /* ManagerUserPreferences.swift */ = {isa = PBXFileReference; fileEncoding = 4; lastKnownFileType = sourcecode.swift; path = ManagerUserPreferences.swift; sourceTree = "<group>"; };
		EED3CEFF27245FC40072ED2B /* MyProfile.storyboard */ = {isa = PBXFileReference; lastKnownFileType = file.storyboard; path = MyProfile.storyboard; sourceTree = "<group>"; };
		EED3CF02272460620072ED2B /* SignUpVC.swift */ = {isa = PBXFileReference; fileEncoding = 4; lastKnownFileType = sourcecode.swift; path = SignUpVC.swift; sourceTree = "<group>"; };
		EED3CF05272460CC0072ED2B /* MSignUpSection.swift */ = {isa = PBXFileReference; fileEncoding = 4; lastKnownFileType = sourcecode.swift; path = MSignUpSection.swift; sourceTree = "<group>"; };
		EEDC9A9626FDC0C100627C73 /* EventPlaceCell.swift */ = {isa = PBXFileReference; fileEncoding = 4; lastKnownFileType = sourcecode.swift; path = EventPlaceCell.swift; sourceTree = "<group>"; };
		EEDC9A9726FDC0C100627C73 /* EventPlaceCell.xib */ = {isa = PBXFileReference; fileEncoding = 4; lastKnownFileType = file.xib; path = EventPlaceCell.xib; sourceTree = "<group>"; };
		EEDC9A9B26FDCB5E00627C73 /* UICollectionView+M.swift */ = {isa = PBXFileReference; lastKnownFileType = sourcecode.swift; path = "UICollectionView+M.swift"; sourceTree = "<group>"; };
		EEDC9AAE26FDEA7C00627C73 /* EventParticipantCell.swift */ = {isa = PBXFileReference; fileEncoding = 4; lastKnownFileType = sourcecode.swift; path = EventParticipantCell.swift; sourceTree = "<group>"; };
		EEDC9AAF26FDEA7C00627C73 /* EventParticipantCell.xib */ = {isa = PBXFileReference; fileEncoding = 4; lastKnownFileType = file.xib; path = EventParticipantCell.xib; sourceTree = "<group>"; };
		EEE1F46426F23A4900754DDD /* MTextField.swift */ = {isa = PBXFileReference; fileEncoding = 4; lastKnownFileType = sourcecode.swift; path = MTextField.swift; sourceTree = "<group>"; };
		EEE1F46526F23A4900754DDD /* MTextField.xib */ = {isa = PBXFileReference; fileEncoding = 4; lastKnownFileType = file.xib; path = MTextField.xib; sourceTree = "<group>"; };
		EEE1F46926F23D0700754DDD /* SearchLocationVC.swift */ = {isa = PBXFileReference; fileEncoding = 4; lastKnownFileType = sourcecode.swift; path = SearchLocationVC.swift; sourceTree = "<group>"; };
		EEE1F46D26F23DF200754DDD /* CityCell.swift */ = {isa = PBXFileReference; fileEncoding = 4; lastKnownFileType = sourcecode.swift; path = CityCell.swift; sourceTree = "<group>"; };
		EEE1F46E26F23DF300754DDD /* CityCell.xib */ = {isa = PBXFileReference; fileEncoding = 4; lastKnownFileType = file.xib; path = CityCell.xib; sourceTree = "<group>"; };
		EEE1F47226F3BEB500754DDD /* EventsVC.swift */ = {isa = PBXFileReference; lastKnownFileType = sourcecode.swift; path = EventsVC.swift; sourceTree = "<group>"; };
		EEE1F47A26F3BEF200754DDD /* Event.storyboard */ = {isa = PBXFileReference; fileEncoding = 4; lastKnownFileType = file.storyboard; path = Event.storyboard; sourceTree = "<group>"; };
		EEE1F47E26F3C0C400754DDD /* SectionCell.xib */ = {isa = PBXFileReference; fileEncoding = 4; lastKnownFileType = file.xib; path = SectionCell.xib; sourceTree = "<group>"; };
		EEE1F47F26F3C0C400754DDD /* SectionCell.swift */ = {isa = PBXFileReference; fileEncoding = 4; lastKnownFileType = sourcecode.swift; path = SectionCell.swift; sourceTree = "<group>"; };
		EEE1F48026F3C0C400754DDD /* EventCell.swift */ = {isa = PBXFileReference; fileEncoding = 4; lastKnownFileType = sourcecode.swift; path = EventCell.swift; sourceTree = "<group>"; };
		EEE1F48126F3C0C400754DDD /* EventCell.xib */ = {isa = PBXFileReference; fileEncoding = 4; lastKnownFileType = file.xib; path = EventCell.xib; sourceTree = "<group>"; };
		EEE1F48A26F3C9A600754DDD /* ServiceEvent.swift */ = {isa = PBXFileReference; lastKnownFileType = sourcecode.swift; path = ServiceEvent.swift; sourceTree = "<group>"; };
		EEE1F48E26F3CCFC00754DDD /* UITableView+M.swift */ = {isa = PBXFileReference; lastKnownFileType = sourcecode.swift; path = "UITableView+M.swift"; sourceTree = "<group>"; };
		EEF08FDF26ED274400B335FA /* ServiceVersion.swift */ = {isa = PBXFileReference; fileEncoding = 4; lastKnownFileType = sourcecode.swift; path = ServiceVersion.swift; sourceTree = "<group>"; };
/* End PBXFileReference section */

/* Begin PBXFrameworksBuildPhase section */
		B8CE19BA253DBAE5002AC5A5 /* Frameworks */ = {
			isa = PBXFrameworksBuildPhase;
			buildActionMask = 2147483647;
			files = (
				E31E442F6F04E2E9F9202CE0 /* Pods_Riada.framework in Frameworks */,
			);
			runOnlyForDeploymentPostprocessing = 0;
		};
/* End PBXFrameworksBuildPhase section */

/* Begin PBXGroup section */
		65244116A9816B5E8697A527 /* Frameworks */ = {
			isa = PBXGroup;
			children = (
				CE32DA81562A2C4D94C3CBD2 /* Pods_Riada.framework */,
			);
			name = Frameworks;
			sourceTree = "<group>";
		};
		755443B3EB87BA2326A669D9 /* Pods */ = {
			isa = PBXGroup;
			children = (
				74EB47B79B92112AC4818753 /* Pods-Riada.debug.xcconfig */,
				6788B25E4DA64D52DFED40C8 /* Pods-Riada.release.xcconfig */,
			);
			path = Pods;
			sourceTree = "<group>";
		};
		B82FE3BD255DFB2900B52099 /* Helper */ = {
			isa = PBXGroup;
			children = (
				656272A42586535100CDA0F9 /* HelperNotification.swift */,
				EE5836D926ECE35100ED203D /* HelperRouting.swift */,
				EE75D5672707481F004B7973 /* HelperDynamicLink.swift */,
				EE8951E62741211F0081AE09 /* HelperTracking.swift */,
				EE21C39B2747F42E00F484F4 /* HelperDistance.swift */,
			);
			path = Helper;
			sourceTree = "<group>";
		};
		B836B6192548D92100AAF48A /* Manager */ = {
			isa = PBXGroup;
			children = (
				B836B61A2548D94100AAF48A /* ManagerUser.swift */,
				EEC03AD2275B8BF000F0C0AD /* ManagerUserPreferences.swift */,
				EE6B7F6A270077C800E44B7C /* ManagerDeepLink.swift */,
				EEBBD481271866C900519EBC /* ManagerSport.swift */,
			);
			path = Manager;
			sourceTree = "<group>";
		};
		B836B6232548E72600AAF48A /* Event */ = {
			isa = PBXGroup;
			children = (
				B836B6242548E73400AAF48A /* Event.swift */,
				EE27197A26EBD67D00A3F281 /* Organizer.swift */,
				EE27197E26EBD70400A3F281 /* Participant.swift */,
				EE27198526EBD7F500A3F281 /* Guest.swift */,
				EE27198126EBD77000A3F281 /* ParticipationStatus.swift */,
				EE1202A427578B7E0068F0F3 /* EventStatus.swift */,
			);
			path = Event;
			sourceTree = "<group>";
		};
		B84ECBDE2541AB73007F8E9E /* Librairy */ = {
			isa = PBXGroup;
			children = (
				B84ECBE22541ABBA007F8E9E /* PGCPicker */,
			);
			path = Librairy;
			sourceTree = "<group>";
		};
		B84ECBE22541ABBA007F8E9E /* PGCPicker */ = {
			isa = PBXGroup;
			children = (
				B84ECBDF2541ABB6007F8E9E /* PGCPickerUtils.swift */,
				B84ECBE62541ABCF007F8E9E /* PGCPickerViewController.storyboard */,
				B84ECBE92541AC01007F8E9E /* PGCPickerViewController.swift */,
			);
			path = PGCPicker;
			sourceTree = "<group>";
		};
		B84ECBF32541AFCD007F8E9E /* Sport */ = {
			isa = PBXGroup;
			children = (
				B84ECBF42541AFD8007F8E9E /* Sport.swift */,
			);
			path = Sport;
			sourceTree = "<group>";
		};
		B87B264E254232CC007D4A4D /* AnimatedLaunchScreen */ = {
			isa = PBXGroup;
			children = (
				B87B264B254232C6007D4A4D /* AnimatedLaunchScreenVC.swift */,
			);
			path = AnimatedLaunchScreen;
			sourceTree = "<group>";
		};
		B87B2653254234AF007D4A4D /* Version */ = {
			isa = PBXGroup;
			children = (
				B87B2654254234B9007D4A4D /* Version.swift */,
			);
			path = Version;
			sourceTree = "<group>";
		};
		B87BDA0A253F8DE700252B96 /* Extension */ = {
			isa = PBXGroup;
			children = (
				B87BDA0B253F8E0A00252B96 /* UIViewController+M.swift */,
				B836B6202548E45B00AAF48A /* UIButton+M.swift */,
				B8F71AD0254B985B00D686B4 /* UIView+M.swift */,
				B811E8A6254F6835008DB735 /* Timestamp+M.swift */,
				B83BF57A255EED99006903A2 /* CollectionReference+M.swift */,
				EEE1F48E26F3CCFC00754DDD /* UITableView+M.swift */,
				EEDC9A9B26FDCB5E00627C73 /* UICollectionView+M.swift */,
				EEB8F1E926FE01AC005ABC27 /* UIColor+M.swift */,
				EEABEE272725B8C800F3E64C /* String+M.swift */,
				EEABEE2A2725BA9F00F3E64C /* PersonNameComponents+M.swift */,
				EE6E43172736D6DE00A48B84 /* UIImage+M.swift */,
				EE8951E427411D8B0081AE09 /* UIDevice+M.swift */,
			);
			path = Extension;
			sourceTree = "<group>";
		};
		B87BDA0E253F8E4900252B96 /* Enum */ = {
			isa = PBXGroup;
			children = (
				B87B2657254236AA007D4A4D /* MStoryboard.swift */,
				6562729C2584B2AC00CDA0F9 /* MNotificationType.swift */,
			);
			path = Enum;
			sourceTree = "<group>";
		};
		B8CE19B4253DBAE4002AC5A5 = {
			isa = PBXGroup;
			children = (
				B8CE19BF253DBAE5002AC5A5 /* Riada */,
				B8CE19BE253DBAE5002AC5A5 /* Products */,
				755443B3EB87BA2326A669D9 /* Pods */,
				65244116A9816B5E8697A527 /* Frameworks */,
			);
			sourceTree = "<group>";
		};
		B8CE19BE253DBAE5002AC5A5 /* Products */ = {
			isa = PBXGroup;
			children = (
				B8CE19BD253DBAE5002AC5A5 /* Riada.app */,
			);
			name = Products;
			sourceTree = "<group>";
		};
		B8CE19BF253DBAE5002AC5A5 /* Riada */ = {
			isa = PBXGroup;
			children = (
				EE5698472711E93300F215C8 /* Riada.entitlements */,
				B8CE19C0253DBAE5002AC5A5 /* AppDelegate.swift */,
				B8CE19CE253DBAE7002AC5A5 /* Info.plist */,
				B8CE19C9253DBAE7002AC5A5 /* Assets.xcassets */,
				B8CE1A99253F3354002AC5A5 /* Config */,
				B8CE1A9B253F337B002AC5A5 /* Storyboard */,
				B8CE1A9C253F3389002AC5A5 /* Module */,
				B8CE1A9D253F3399002AC5A5 /* Service */,
				B836B6192548D92100AAF48A /* Manager */,
				B8CE1A9E253F33A5002AC5A5 /* Model */,
				B8CE1AA0253F33B5002AC5A5 /* Utils */,
			);
			path = Riada;
			sourceTree = "<group>";
		};
		B8CE1A99253F3354002AC5A5 /* Config */ = {
			isa = PBXGroup;
			children = (
				EE8E664A26ED0DD000FB3FDB /* applanga_settings.applanga */,
				EE58372026ECFF2E00ED203D /* GoogleService-Info.plist */,
				B84ECBB9254036CF007F8E9E /* FirebaseConfig.swift */,
				B84ECBBF25403840007F8E9E /* Config.swift */,
			);
			path = Config;
			sourceTree = "<group>";
		};
		B8CE1A9B253F337B002AC5A5 /* Storyboard */ = {
			isa = PBXGroup;
			children = (
				B8CE19CB253DBAE7002AC5A5 /* LaunchScreen.storyboard */,
				B87B2648254232B5007D4A4D /* AnimatedLaunchScreen.storyboard */,
				EE5836DD26ECE50500ED203D /* OnBoarding.storyboard */,
				B8B7DAED255857AC00B33BDB /* Home.storyboard */,
				EEE1F47A26F3BEF200754DDD /* Event.storyboard */,
				EED3CEFF27245FC40072ED2B /* MyProfile.storyboard */,
				EE6E431E273D2CFB00A48B84 /* OtherProfile.storyboard */,
			);
			path = Storyboard;
			sourceTree = "<group>";
		};
		B8CE1A9C253F3389002AC5A5 /* Module */ = {
			isa = PBXGroup;
			children = (
				EEE1F46226F23A2800754DDD /* Global */,
				B87B264E254232CC007D4A4D /* AnimatedLaunchScreen */,
				EE5836E126ECE54500ED203D /* OnBoarding */,
				EE5836EE26ECF8B300ED203D /* Home */,
				EEE1F47526F3BEBF00754DDD /* Events */,
				EED3CF01272460380072ED2B /* Profile */,
			);
			path = Module;
			sourceTree = "<group>";
		};
		B8CE1A9D253F3399002AC5A5 /* Service */ = {
			isa = PBXGroup;
			children = (
				EEF08FDF26ED274400B335FA /* ServiceVersion.swift */,
				B84ECBB625403235007F8E9E /* ServiceUser.swift */,
				B84ECBF02541AEB1007F8E9E /* ServiceSport.swift */,
				EEE1F48A26F3C9A600754DDD /* ServiceEvent.swift */,
				6562728E2581432C00CDA0F9 /* ServiceDeviceToken.swift */,
				656272992584B01D00CDA0F9 /* ServiceNotification.swift */,
				B82FE3BE255DFB4800B52099 /* ServiceGooglePlace.swift */,
			);
			path = Service;
			sourceTree = "<group>";
		};
		B8CE1A9E253F33A5002AC5A5 /* Model */ = {
			isa = PBXGroup;
			children = (
				EE27196526EBD41500A3F281 /* Global */,
				B84ECBF32541AFCD007F8E9E /* Sport */,
				EE27193B26EBD2C700A3F281 /* User */,
				B87B2653254234AF007D4A4D /* Version */,
				B836B6232548E72600AAF48A /* Event */,
			);
			path = Model;
			sourceTree = "<group>";
		};
		B8CE1AA0253F33B5002AC5A5 /* Utils */ = {
			isa = PBXGroup;
			children = (
				B82FE3BD255DFB2900B52099 /* Helper */,
				B84ECBDE2541AB73007F8E9E /* Librairy */,
				B87BDA0A253F8DE700252B96 /* Extension */,
				B87BDA0E253F8E4900252B96 /* Enum */,
				B8FDE37A253F72F200BD29B2 /* Ressources */,
			);
			path = Utils;
			sourceTree = "<group>";
		};
		B8FDE37A253F72F200BD29B2 /* Ressources */ = {
			isa = PBXGroup;
			children = (
				B8FDE3B1253F799900BD29B2 /* Fonts */,
				B8FDE37B253F72FA00BD29B2 /* Translation */,
			);
			path = Ressources;
			sourceTree = "<group>";
		};
		B8FDE37B253F72FA00BD29B2 /* Translation */ = {
			isa = PBXGroup;
			children = (
				B8FDE37C253F730F00BD29B2 /* L10N.swift */,
				B8FDE3AE253F780F00BD29B2 /* Localizable.strings */,
			);
			path = Translation;
			sourceTree = "<group>";
		};
		B8FDE3B1253F799900BD29B2 /* Fonts */ = {
			isa = PBXGroup;
			children = (
				B8FDE3B4253F79AC00BD29B2 /* Lato-Bold.ttf */,
				B8FDE3B5253F79AC00BD29B2 /* Lato-Light.ttf */,
				B8FDE3B2253F79AC00BD29B2 /* Lato-Regular.ttf */,
				B8FDE3B3253F79AC00BD29B2 /* Lato-Semibold.ttf */,
			);
			path = Fonts;
			sourceTree = "<group>";
		};
		EE1202A72757C5420068F0F3 /* EventPlaceCellWithPictures */ = {
			isa = PBXGroup;
			children = (
				EE1202A92757C58B0068F0F3 /* EventPlaceWithPicturesCell.swift */,
				EE1202AA2757C58B0068F0F3 /* EventPlaceWithPicturesCell.xib */,
				EE1202A82757C5580068F0F3 /* Cell */,
			);
			path = EventPlaceCellWithPictures;
			sourceTree = "<group>";
		};
		EE1202A82757C5580068F0F3 /* Cell */ = {
			isa = PBXGroup;
			children = (
				EE1202AD2757C5930068F0F3 /* PhotoCell.swift */,
				EE1202AE2757C5930068F0F3 /* PhotoCell.xib */,
			);
			path = Cell;
			sourceTree = "<group>";
		};
		EE21C3962747E23100F484F4 /* NotificationCell */ = {
			isa = PBXGroup;
			children = (
				EE21C3972747E27A00F484F4 /* NotificationCell.swift */,
				EE21C3982747E27A00F484F4 /* NotificationCell.xib */,
			);
			path = NotificationCell;
			sourceTree = "<group>";
		};
		EE27193B26EBD2C700A3F281 /* User */ = {
			isa = PBXGroup;
			children = (
				EE27193C26EBD2E000A3F281 /* User.swift */,
				EE27193826EBD21100A3F281 /* Notification.swift */,
			);
			path = User;
			sourceTree = "<group>";
		};
		EE27196526EBD41500A3F281 /* Global */ = {
			isa = PBXGroup;
			children = (
				B836B639254B312200AAF48A /* City.swift */,
				656272A82586537C00CDA0F9 /* CurrentNotification.swift */,
				EE27196A26EBD50600A3F281 /* FavoriteSport.swift */,
				EE27196626EBD42000A3F281 /* RelatedEvent.swift */,
			);
			path = Global;
			sourceTree = "<group>";
		};
		EE5836E126ECE54500ED203D /* OnBoarding */ = {
			isa = PBXGroup;
			children = (
				EE5836E626ECEC5200ED203D /* OnBoardingCell */,
				EE5836E226ECE55700ED203D /* OnBoadingVC.swift */,
			);
			path = OnBoarding;
			sourceTree = "<group>";
		};
		EE5836E626ECEC5200ED203D /* OnBoardingCell */ = {
			isa = PBXGroup;
			children = (
				EE5836E826ECEC6A00ED203D /* OnBoardingCell.swift */,
				EE5836E726ECEC6A00ED203D /* OnBoardingCell.xib */,
			);
			path = OnBoardingCell;
			sourceTree = "<group>";
		};
		EE5836EE26ECF8B300ED203D /* Home */ = {
			isa = PBXGroup;
			children = (
				EEE1F47826F3BED500754DDD /* Cell */,
				EE5836EF26ECF8BF00ED203D /* HomeVC.swift */,
				EEE1F46926F23D0700754DDD /* SearchLocationVC.swift */,
				EE21C3942747E08900F484F4 /* NotificationsVC.swift */,
			);
			path = Home;
			sourceTree = "<group>";
		};
		EE5836F526ECF95B00ED203D /* SportCell */ = {
			isa = PBXGroup;
			children = (
				EE5836F626ECF97300ED203D /* SportCell.swift */,
				EE5836F726ECF97300ED203D /* SportCell.xib */,
			);
			path = SportCell;
			sourceTree = "<group>";
		};
		EE5A0B10271B2784009A951B /* MSwitchField */ = {
			isa = PBXGroup;
			children = (
				EE5A0B11271B27B2009A951B /* MSwitchField.swift */,
				EE5A0B12271B27B2009A951B /* MSwitchField.xib */,
			);
			path = MSwitchField;
			sourceTree = "<group>";
		};
		EE5A0B15271B5D0B009A951B /* AsOrganizer */ = {
			isa = PBXGroup;
			children = (
				EE5A0B17271B5D2B009A951B /* EventDetailsAsOrganizerVC.swift */,
				EE5A0B16271B5D2B009A951B /* MEventSectionAsOrganizer.swift */,
				EE5A0B1A271B638E009A951B /* ParticipantVC.swift */,
				EE5A0B1C271B6837009A951B /* GuestVC.swift */,
			);
			path = AsOrganizer;
			sourceTree = "<group>";
		};
		EE603BB226F63493008D2E41 /* EventDetails */ = {
			isa = PBXGroup;
			children = (
				EE5A0B15271B5D0B009A951B /* AsOrganizer */,
				EEB8F1F026FF629E005ABC27 /* AsParticipant */,
				EE603BB726F634E9008D2E41 /* Cell */,
				EE6B7F6526FF7AF500E44B7C /* AddGuestVC.swift */,
				EE1202B12757D6B00068F0F3 /* PhotoVC.swift */,
			);
			path = EventDetails;
			sourceTree = "<group>";
		};
		EE603BB726F634E9008D2E41 /* Cell */ = {
			isa = PBXGroup;
			children = (
				EE603BC426F63579008D2E41 /* EventOrganizerCell */,
				EE603BC126F6356F008D2E41 /* EventInformationsCell */,
				EEDC9A9526FDC09B00627C73 /* EventPlaceCell */,
				EE1202A72757C5420068F0F3 /* EventPlaceCellWithPictures */,
				EEDC9AAD26FDEA6500627C73 /* EventParticipantCell */,
			);
			path = Cell;
			sourceTree = "<group>";
		};
		EE603BC126F6356F008D2E41 /* EventInformationsCell */ = {
			isa = PBXGroup;
			children = (
				EE603BD426F6437F008D2E41 /* EventInformationsCell.swift */,
				EE603BD526F6437F008D2E41 /* EventInformationsCell.xib */,
			);
			path = EventInformationsCell;
			sourceTree = "<group>";
		};
		EE603BC426F63579008D2E41 /* EventOrganizerCell */ = {
			isa = PBXGroup;
			children = (
				EE603BB826F6356B008D2E41 /* EventOrganizerCell.swift */,
				EE603BBB26F6356C008D2E41 /* EventOrganizerCell.xib */,
			);
			path = EventOrganizerCell;
			sourceTree = "<group>";
		};
		EE6B7F6726FF7B4700E44B7C /* VIewController */ = {
			isa = PBXGroup;
			children = (
				EE6B7F6826FF7B6A00E44B7C /* MKeyboardVC.swift */,
			);
			path = VIewController;
			sourceTree = "<group>";
		};
		EE6E43122736C58B00A48B84 /* ImagePicker */ = {
			isa = PBXGroup;
			children = (
				EE6E43142736C5A100A48B84 /* ImagePicker.swift */,
				EE6E43132736C5A100A48B84 /* ImagePicker.xib */,
			);
			path = ImagePicker;
			sourceTree = "<group>";
		};
		EE6E4319273C182900A48B84 /* InformationsCell */ = {
			isa = PBXGroup;
			children = (
				EE6E431A273C185400A48B84 /* InformationsCell.swift */,
				EE6E431B273C185400A48B84 /* InformationsCell.xib */,
			);
			path = InformationsCell;
			sourceTree = "<group>";
		};
		EE6E4321273D2D5900A48B84 /* OtherProfile */ = {
			isa = PBXGroup;
			children = (
				EE6E4322273D2D8000A48B84 /* MOtherProfileSection.swift */,
				EE6E4323273D2D8000A48B84 /* OtherProfileVC.swift */,
			);
			path = OtherProfile;
			sourceTree = "<group>";
		};
		EE8951DF274112350081AE09 /* SettingCell */ = {
			isa = PBXGroup;
			children = (
				EE8951E0274112440081AE09 /* SettingCell.swift */,
				EE8951E1274112440081AE09 /* SettingCell.xib */,
			);
			path = SettingCell;
			sourceTree = "<group>";
		};
		EE9B6FAB27352BBB00A12AF7 /* SignUp */ = {
			isa = PBXGroup;
			children = (
				EED3CF05272460CC0072ED2B /* MSignUpSection.swift */,
				EED3CF02272460620072ED2B /* SignUpVC.swift */,
			);
			path = SignUp;
			sourceTree = "<group>";
		};
		EE9B6FAD27352BC900A12AF7 /* MyProfile */ = {
			isa = PBXGroup;
			children = (
				EE8951DD2741122F0081AE09 /* MProfileSection.swift */,
				EE27D2BE2731D7F500051743 /* MyProfileVC.swift */,
				6562728B2581367300CDA0F9 /* MSettingSection.swift */,
				EE8951DA274111570081AE09 /* SettingsVC.swift */,
			);
			path = MyProfile;
			sourceTree = "<group>";
		};
		EE9B6FAE27352E5900A12AF7 /* CustomSegmentControl */ = {
			isa = PBXGroup;
			children = (
				EE9B6FAF27352E6B00A12AF7 /* CustomSegmentControl.swift */,
			);
			path = CustomSegmentControl;
			sourceTree = "<group>";
		};
		EE9B6FB1273581C500A12AF7 /* RelatedEventCell */ = {
			isa = PBXGroup;
			children = (
				EE9B6FB2273581E000A12AF7 /* RelatedEventCell.swift */,
				EE9B6FB3273581E000A12AF7 /* RelatedEventCell.xib */,
			);
			path = RelatedEventCell;
			sourceTree = "<group>";
		};
		EEAE65FE2725A3660048F559 /* Cell */ = {
			isa = PBXGroup;
			children = (
				EE8951DF274112350081AE09 /* SettingCell */,
				EE6E4319273C182900A48B84 /* InformationsCell */,
				EE9B6FB1273581C500A12AF7 /* RelatedEventCell */,
				EEAE66002725A3E60048F559 /* AnonymouslyCell */,
				EEAE65FF2725A3D20048F559 /* SignInCell */,
			);
			path = Cell;
			sourceTree = "<group>";
		};
		EEAE65FF2725A3D20048F559 /* SignInCell */ = {
			isa = PBXGroup;
			children = (
				EEAE66022725A4470048F559 /* SignInCell.swift */,
				EEAE66012725A4470048F559 /* SignInCell.xib */,
			);
			path = SignInCell;
			sourceTree = "<group>";
		};
		EEAE66002725A3E60048F559 /* AnonymouslyCell */ = {
			isa = PBXGroup;
			children = (
				EEAE66052725A50F0048F559 /* AnonymouslyCell.swift */,
				EEAE66062725A50F0048F559 /* AnonymouslyCell.xib */,
			);
			path = AnonymouslyCell;
			sourceTree = "<group>";
		};
		EEB8F1EB26FE05D0005ABC27 /* Buttons */ = {
			isa = PBXGroup;
			children = (
				EEB8F1EC26FE05E8005ABC27 /* MButton.swift */,
			);
			path = Buttons;
			sourceTree = "<group>";
		};
		EEB8F1F026FF629E005ABC27 /* AsParticipant */ = {
			isa = PBXGroup;
			children = (
				EE603BAC26F6337B008D2E41 /* EventDetailsAsParticipantVC.swift */,
				EEB8F1F126FF62C7005ABC27 /* MEventSectionAsParticipant.swift */,
				EEB8F1EE26FE0EC3005ABC27 /* ParticipateVC.swift */,
			);
			path = AsParticipant;
			sourceTree = "<group>";
		};
		EEBBD46F27184DF900519EBC /* OrganizeEvent */ = {
			isa = PBXGroup;
			children = (
				EEBBD47B271863DA00519EBC /* PickerSource */,
				EEBBD46D27184DF600519EBC /* OrganizeEventVC.swift */,
				EEAF6F732723D54B00D330C6 /* EditEventVC.swift */,
			);
			path = OrganizeEvent;
			sourceTree = "<group>";
		};
		EEBBD4702718637300519EBC /* MTextField */ = {
			isa = PBXGroup;
			children = (
				EE66EE792843AD9C00F24E1B /* MTextView.swift */,
				EE66EE7B2843AE0200F24E1B /* MTextView.xib */,
				EEE1F46426F23A4900754DDD /* MTextField.swift */,
				EEE1F46526F23A4900754DDD /* MTextField.xib */,
			);
			path = MTextField;
			sourceTree = "<group>";
		};
		EEBBD4712718637C00519EBC /* MPickerField */ = {
			isa = PBXGroup;
			children = (
				EEBBD4722718638D00519EBC /* MPickerField.swift */,
				EEBBD4732718638D00519EBC /* MPickerField.xib */,
			);
			path = MPickerField;
			sourceTree = "<group>";
		};
		EEBBD4762718639700519EBC /* MDatePickerField */ = {
			isa = PBXGroup;
			children = (
				EEBBD478271863A500519EBC /* MDatePickerField.swift */,
				EEBBD477271863A500519EBC /* MDatePickerField.xib */,
			);
			path = MDatePickerField;
			sourceTree = "<group>";
		};
		EEBBD47B271863DA00519EBC /* PickerSource */ = {
			isa = PBXGroup;
			children = (
				EEBBD47C271863FB00519EBC /* NbPlayersPickerSource.swift */,
				EEBBD47D271863FB00519EBC /* SportPickerSource.swift */,
			);
			path = PickerSource;
			sourceTree = "<group>";
		};
		EED3CF01272460380072ED2B /* Profile */ = {
			isa = PBXGroup;
			children = (
				EEAE65FE2725A3660048F559 /* Cell */,
				EE9B6FAB27352BBB00A12AF7 /* SignUp */,
				EE9B6FAD27352BC900A12AF7 /* MyProfile */,
				EE6E4321273D2D5900A48B84 /* OtherProfile */,
			);
			path = Profile;
			sourceTree = "<group>";
		};
		EEDC9A9526FDC09B00627C73 /* EventPlaceCell */ = {
			isa = PBXGroup;
			children = (
				EEDC9A9626FDC0C100627C73 /* EventPlaceCell.swift */,
				EEDC9A9726FDC0C100627C73 /* EventPlaceCell.xib */,
			);
			path = EventPlaceCell;
			sourceTree = "<group>";
		};
		EEDC9AAD26FDEA6500627C73 /* EventParticipantCell */ = {
			isa = PBXGroup;
			children = (
				EEDC9AAE26FDEA7C00627C73 /* EventParticipantCell.swift */,
				EEDC9AAF26FDEA7C00627C73 /* EventParticipantCell.xib */,
			);
			path = EventParticipantCell;
			sourceTree = "<group>";
		};
		EEE1F46226F23A2800754DDD /* Global */ = {
			isa = PBXGroup;
			children = (
				EE6E43122736C58B00A48B84 /* ImagePicker */,
				EE9B6FAE27352E5900A12AF7 /* CustomSegmentControl */,
				EE6B7F6726FF7B4700E44B7C /* VIewController */,
				EEB8F1EB26FE05D0005ABC27 /* Buttons */,
				EEE1F48726F3C36D00754DDD /* SectionCell */,
				EEE1F46326F23A3200754DDD /* Fields */,
				EE1202BA2757E6B60068F0F3 /* NavigationController.swift */,
			);
			path = Global;
			sourceTree = "<group>";
		};
		EEE1F46326F23A3200754DDD /* Fields */ = {
			isa = PBXGroup;
			children = (
				EE5A0B10271B2784009A951B /* MSwitchField */,
				EEBBD4762718639700519EBC /* MDatePickerField */,
				EEBBD4712718637C00519EBC /* MPickerField */,
				EEBBD4702718637300519EBC /* MTextField */,
			);
			path = Fields;
			sourceTree = "<group>";
		};
		EEE1F46C26F23DDF00754DDD /* CityCell */ = {
			isa = PBXGroup;
			children = (
				EEE1F46D26F23DF200754DDD /* CityCell.swift */,
				EEE1F46E26F23DF300754DDD /* CityCell.xib */,
			);
			path = CityCell;
			sourceTree = "<group>";
		};
		EEE1F47526F3BEBF00754DDD /* Events */ = {
			isa = PBXGroup;
			children = (
				EEE1F47D26F3C0A900754DDD /* Cell */,
				EEE1F47226F3BEB500754DDD /* EventsVC.swift */,
				EE603BB226F63493008D2E41 /* EventDetails */,
				EEBBD46F27184DF900519EBC /* OrganizeEvent */,
			);
			path = Events;
			sourceTree = "<group>";
		};
		EEE1F47826F3BED500754DDD /* Cell */ = {
			isa = PBXGroup;
			children = (
				EE21C3962747E23100F484F4 /* NotificationCell */,
				EEE1F46C26F23DDF00754DDD /* CityCell */,
				EE5836F526ECF95B00ED203D /* SportCell */,
			);
			path = Cell;
			sourceTree = "<group>";
		};
		EEE1F47D26F3C0A900754DDD /* Cell */ = {
			isa = PBXGroup;
			children = (
				EEE1F48826F3C37800754DDD /* EventCell */,
			);
			path = Cell;
			sourceTree = "<group>";
		};
		EEE1F48726F3C36D00754DDD /* SectionCell */ = {
			isa = PBXGroup;
			children = (
				EEE1F47F26F3C0C400754DDD /* SectionCell.swift */,
				EEE1F47E26F3C0C400754DDD /* SectionCell.xib */,
			);
			path = SectionCell;
			sourceTree = "<group>";
		};
		EEE1F48826F3C37800754DDD /* EventCell */ = {
			isa = PBXGroup;
			children = (
				EEE1F48026F3C0C400754DDD /* EventCell.swift */,
				EEE1F48126F3C0C400754DDD /* EventCell.xib */,
			);
			path = EventCell;
			sourceTree = "<group>";
		};
/* End PBXGroup section */

/* Begin PBXNativeTarget section */
		B8CE19BC253DBAE5002AC5A5 /* Riada */ = {
			isa = PBXNativeTarget;
			buildConfigurationList = B8CE19D1253DBAE7002AC5A5 /* Build configuration list for PBXNativeTarget "Riada" */;
			buildPhases = (
				4FE0EBDCFA88361690147EF1 /* [CP] Check Pods Manifest.lock */,
				B8CE19B9253DBAE5002AC5A5 /* Sources */,
				B8CE19BA253DBAE5002AC5A5 /* Frameworks */,
				B8CE19BB253DBAE5002AC5A5 /* Resources */,
				F1FD288B792BFAB69EFDF58E /* [CP] Embed Pods Frameworks */,
				B8CE1AAA253F57DE002AC5A5 /* FirebaseCrashlytics run */,
				EE1202A62757BE630068F0F3 /* ShellScript */,
			);
			buildRules = (
			);
			dependencies = (
			);
			name = Riada;
			productName = Riada;
			productReference = B8CE19BD253DBAE5002AC5A5 /* Riada.app */;
			productType = "com.apple.product-type.application";
		};
/* End PBXNativeTarget section */

/* Begin PBXProject section */
		B8CE19B5253DBAE4002AC5A5 /* Project object */ = {
			isa = PBXProject;
			attributes = {
				LastSwiftUpdateCheck = 1200;
				LastUpgradeCheck = 1200;
				TargetAttributes = {
					B8CE19BC253DBAE5002AC5A5 = {
						CreatedOnToolsVersion = 12.0;
					};
				};
			};
			buildConfigurationList = B8CE19B8253DBAE4002AC5A5 /* Build configuration list for PBXProject "Riada" */;
			compatibilityVersion = "Xcode 9.3";
			developmentRegion = en;
			hasScannedForEncodings = 0;
			knownRegions = (
				en,
				Base,
				fr,
			);
			mainGroup = B8CE19B4253DBAE4002AC5A5;
			productRefGroup = B8CE19BE253DBAE5002AC5A5 /* Products */;
			projectDirPath = "";
			projectRoot = "";
			targets = (
				B8CE19BC253DBAE5002AC5A5 /* Riada */,
			);
		};
/* End PBXProject section */

/* Begin PBXResourcesBuildPhase section */
		B8CE19BB253DBAE5002AC5A5 /* Resources */ = {
			isa = PBXResourcesBuildPhase;
			buildActionMask = 2147483647;
			files = (
				EE21C39A2747E27A00F484F4 /* NotificationCell.xib in Resources */,
				EEDC9AB126FDEA7D00627C73 /* EventParticipantCell.xib in Resources */,
				EEE1F48226F3C0C400754DDD /* SectionCell.xib in Resources */,
				B8B7DAEE255857AC00B33BDB /* Home.storyboard in Resources */,
				EE5836E926ECEC6A00ED203D /* OnBoardingCell.xib in Resources */,
				EE603BBF26F6356C008D2E41 /* EventOrganizerCell.xib in Resources */,
				EEAE66082725A50F0048F559 /* AnonymouslyCell.xib in Resources */,
				B8CE19CD253DBAE7002AC5A5 /* LaunchScreen.storyboard in Resources */,
				EE6E431F273D2CFC00A48B84 /* OtherProfile.storyboard in Resources */,
				EE9B6FB5273581E000A12AF7 /* RelatedEventCell.xib in Resources */,
				EE603BD726F6437F008D2E41 /* EventInformationsCell.xib in Resources */,
				EEAE66032725A4470048F559 /* SignInCell.xib in Resources */,
				B84ECBE72541ABD0007F8E9E /* PGCPickerViewController.storyboard in Resources */,
				EE6E43152736C5A100A48B84 /* ImagePicker.xib in Resources */,
				EE66EE7C2843AE0200F24E1B /* MTextView.xib in Resources */,
				B87B2649254232B5007D4A4D /* AnimatedLaunchScreen.storyboard in Resources */,
				EEE1F47B26F3BEF200754DDD /* Event.storyboard in Resources */,
				EEE1F46726F23A4900754DDD /* MTextField.xib in Resources */,
				EEE1F48526F3C0C400754DDD /* EventCell.xib in Resources */,
				EE1202AC2757C58B0068F0F3 /* EventPlaceWithPicturesCell.xib in Resources */,
				EEBBD479271863A500519EBC /* MDatePickerField.xib in Resources */,
				EE5836DE26ECE50500ED203D /* OnBoarding.storyboard in Resources */,
				EEBBD4752718638D00519EBC /* MPickerField.xib in Resources */,
				B8FDE3B7253F79B800BD29B2 /* Lato-Semibold.ttf in Resources */,
				EE8951E3274112440081AE09 /* SettingCell.xib in Resources */,
				B8FDE3B9253F79B800BD29B2 /* Lato-Light.ttf in Resources */,
				EEDC9A9926FDC0C100627C73 /* EventPlaceCell.xib in Resources */,
				EE1202B02757C5930068F0F3 /* PhotoCell.xib in Resources */,
				B8FDE3AC253F780F00BD29B2 /* Localizable.strings in Resources */,
				B8CE19CA253DBAE7002AC5A5 /* Assets.xcassets in Resources */,
				EE5836F926ECF97300ED203D /* SportCell.xib in Resources */,
				EEE1F47026F23DF300754DDD /* CityCell.xib in Resources */,
				EE8E664B26ED0DD200FB3FDB /* applanga_settings.applanga in Resources */,
				EE6E431D273C185400A48B84 /* InformationsCell.xib in Resources */,
				EE5A0B14271B27B2009A951B /* MSwitchField.xib in Resources */,
				B8FDE3B8253F79B800BD29B2 /* Lato-Regular.ttf in Resources */,
				EED3CF0027245FC40072ED2B /* MyProfile.storyboard in Resources */,
				B8FDE3B6253F79B800BD29B2 /* Lato-Bold.ttf in Resources */,
				EE58372126ECFF2E00ED203D /* GoogleService-Info.plist in Resources */,
			);
			runOnlyForDeploymentPostprocessing = 0;
		};
/* End PBXResourcesBuildPhase section */

/* Begin PBXShellScriptBuildPhase section */
		4FE0EBDCFA88361690147EF1 /* [CP] Check Pods Manifest.lock */ = {
			isa = PBXShellScriptBuildPhase;
			buildActionMask = 2147483647;
			files = (
			);
			inputFileListPaths = (
			);
			inputPaths = (
				"${PODS_PODFILE_DIR_PATH}/Podfile.lock",
				"${PODS_ROOT}/Manifest.lock",
			);
			name = "[CP] Check Pods Manifest.lock";
			outputFileListPaths = (
			);
			outputPaths = (
				"$(DERIVED_FILE_DIR)/Pods-Riada-checkManifestLockResult.txt",
			);
			runOnlyForDeploymentPostprocessing = 0;
			shellPath = /bin/sh;
			shellScript = "diff \"${PODS_PODFILE_DIR_PATH}/Podfile.lock\" \"${PODS_ROOT}/Manifest.lock\" > /dev/null\nif [ $? != 0 ] ; then\n    # print error to STDERR\n    echo \"error: The sandbox is not in sync with the Podfile.lock. Run 'pod install' or update your CocoaPods installation.\" >&2\n    exit 1\nfi\n# This output is used by Xcode 'outputs' to avoid re-running this script phase.\necho \"SUCCESS\" > \"${SCRIPT_OUTPUT_FILE_0}\"\n";
			showEnvVarsInLog = 0;
		};
		B8CE1AAA253F57DE002AC5A5 /* FirebaseCrashlytics run */ = {
			isa = PBXShellScriptBuildPhase;
			buildActionMask = 2147483647;
			files = (
			);
			inputFileListPaths = (
			);
			inputPaths = (
			);
			name = "FirebaseCrashlytics run";
			outputFileListPaths = (
			);
			outputPaths = (
			);
			runOnlyForDeploymentPostprocessing = 0;
			shellPath = /bin/sh;
			shellScript = "\"${PODS_ROOT}/FirebaseCrashlytics/run\"\n";
		};
		EE1202A62757BE630068F0F3 /* ShellScript */ = {
			isa = PBXShellScriptBuildPhase;
			buildActionMask = 2147483647;
			files = (
			);
			inputFileListPaths = (
			);
			inputPaths = (
				"${DWARF_DSYM_FOLDER_PATH}/${DWARF_DSYM_FILE_NAME}/Contents/Resources/DWARF/${TARGET_NAME}",
			);
			outputFileListPaths = (
			);
			outputPaths = (
			);
			runOnlyForDeploymentPostprocessing = 0;
			shellPath = /bin/sh;
			shellScript = "\"${PODS_ROOT}/FirebaseCrashlytics/run\"\n";
		};
		F1FD288B792BFAB69EFDF58E /* [CP] Embed Pods Frameworks */ = {
			isa = PBXShellScriptBuildPhase;
			buildActionMask = 2147483647;
			files = (
			);
			inputFileListPaths = (
				"${PODS_ROOT}/Target Support Files/Pods-Riada/Pods-Riada-frameworks-${CONFIGURATION}-input-files.xcfilelist",
			);
			name = "[CP] Embed Pods Frameworks";
			outputFileListPaths = (
				"${PODS_ROOT}/Target Support Files/Pods-Riada/Pods-Riada-frameworks-${CONFIGURATION}-output-files.xcfilelist",
			);
			runOnlyForDeploymentPostprocessing = 0;
			shellPath = /bin/sh;
			shellScript = "\"${PODS_ROOT}/Target Support Files/Pods-Riada/Pods-Riada-frameworks.sh\"\n";
			showEnvVarsInLog = 0;
		};
/* End PBXShellScriptBuildPhase section */

/* Begin PBXSourcesBuildPhase section */
		B8CE19B9253DBAE5002AC5A5 /* Sources */ = {
			isa = PBXSourcesBuildPhase;
			buildActionMask = 2147483647;
			files = (
				EE5836F026ECF8BF00ED203D /* HomeVC.swift in Sources */,
				EE21C3992747E27A00F484F4 /* NotificationCell.swift in Sources */,
				EE5836E326ECE55700ED203D /* OnBoadingVC.swift in Sources */,
				EE5A0B1B271B638E009A951B /* ParticipantVC.swift in Sources */,
				EEBBD46E27184DF600519EBC /* OrganizeEventVC.swift in Sources */,
				EEBBD47E271863FB00519EBC /* NbPlayersPickerSource.swift in Sources */,
				EEE1F48426F3C0C400754DDD /* EventCell.swift in Sources */,
				EE27198626EBD7F500A3F281 /* Guest.swift in Sources */,
				B87B2658254236AA007D4A4D /* MStoryboard.swift in Sources */,
				EED3CF07272460CC0072ED2B /* MSignUpSection.swift in Sources */,
				EEB8F1EF26FE0EC3005ABC27 /* ParticipateVC.swift in Sources */,
				EEC03AD3275B8BF000F0C0AD /* ManagerUserPreferences.swift in Sources */,
				B836B6212548E45B00AAF48A /* UIButton+M.swift in Sources */,
				EEE1F48B26F3C9A600754DDD /* ServiceEvent.swift in Sources */,
				EEAF6F742723D54B00D330C6 /* EditEventVC.swift in Sources */,
				EEB8F1F226FF62C7005ABC27 /* MEventSectionAsParticipant.swift in Sources */,
				EE27196726EBD42000A3F281 /* RelatedEvent.swift in Sources */,
				B836B6252548E73400AAF48A /* Event.swift in Sources */,
				EE6B7F6926FF7B6A00E44B7C /* MKeyboardVC.swift in Sources */,
				EE5A0B18271B5D2B009A951B /* MEventSectionAsOrganizer.swift in Sources */,
				EE5836F826ECF97300ED203D /* SportCell.swift in Sources */,
				B84ECBB725403235007F8E9E /* ServiceUser.swift in Sources */,
				EEAE66072725A50F0048F559 /* AnonymouslyCell.swift in Sources */,
				EE1202AF2757C5930068F0F3 /* PhotoCell.swift in Sources */,
				EE75D5682707481F004B7973 /* HelperDynamicLink.swift in Sources */,
				B87BDA0C253F8E0A00252B96 /* UIViewController+M.swift in Sources */,
				656272A92586537C00CDA0F9 /* CurrentNotification.swift in Sources */,
				EEE1F47326F3BEB500754DDD /* EventsVC.swift in Sources */,
				EE5836EA26ECEC6A00ED203D /* OnBoardingCell.swift in Sources */,
				EE6E43162736C5A100A48B84 /* ImagePicker.swift in Sources */,
				EE8951E2274112440081AE09 /* SettingCell.swift in Sources */,
				EE9B6FB027352E6B00A12AF7 /* CustomSegmentControl.swift in Sources */,
				EE8951DE2741122F0081AE09 /* MProfileSection.swift in Sources */,
				B84ECBF52541AFD8007F8E9E /* Sport.swift in Sources */,
				EE6E4324273D2D8000A48B84 /* MOtherProfileSection.swift in Sources */,
				B84ECBC025403840007F8E9E /* Config.swift in Sources */,
				EE27197B26EBD67D00A3F281 /* Organizer.swift in Sources */,
				EE6E4325273D2D8000A48B84 /* OtherProfileVC.swift in Sources */,
				EE27D2BF2731D7F500051743 /* MyProfileVC.swift in Sources */,
				EE66EE7A2843AD9C00F24E1B /* MTextView.swift in Sources */,
				EE6B7F6626FF7AF500E44B7C /* AddGuestVC.swift in Sources */,
				EE5A0B19271B5D2B009A951B /* EventDetailsAsOrganizerVC.swift in Sources */,
				EEDC9A9C26FDCB5E00627C73 /* UICollectionView+M.swift in Sources */,
				EE5A0B13271B27B2009A951B /* MSwitchField.swift in Sources */,
				EE21C39C2747F42E00F484F4 /* HelperDistance.swift in Sources */,
				EEE1F48F26F3CCFC00754DDD /* UITableView+M.swift in Sources */,
				EEE1F46626F23A4900754DDD /* MTextField.swift in Sources */,
				EEBBD4742718638D00519EBC /* MPickerField.swift in Sources */,
				EE27197F26EBD70400A3F281 /* Participant.swift in Sources */,
				EEABEE282725B8C800F3E64C /* String+M.swift in Sources */,
				EEDC9AB026FDEA7D00627C73 /* EventParticipantCell.swift in Sources */,
				EEDC9A9826FDC0C100627C73 /* EventPlaceCell.swift in Sources */,
				EE27193D26EBD2E000A3F281 /* User.swift in Sources */,
				B84ECBE02541ABB6007F8E9E /* PGCPickerUtils.swift in Sources */,
				EEF08FE026ED274400B335FA /* ServiceVersion.swift in Sources */,
				656272A52586535100CDA0F9 /* HelperNotification.swift in Sources */,
				B84ECBEA2541AC01007F8E9E /* PGCPickerViewController.swift in Sources */,
				6562729D2584B2AC00CDA0F9 /* MNotificationType.swift in Sources */,
				EE603BAD26F6337B008D2E41 /* EventDetailsAsParticipantVC.swift in Sources */,
				EE27196B26EBD50600A3F281 /* FavoriteSport.swift in Sources */,
				EED3CF03272460620072ED2B /* SignUpVC.swift in Sources */,
				B87B264C254232C6007D4A4D /* AnimatedLaunchScreenVC.swift in Sources */,
				B8F71AD1254B985B00D686B4 /* UIView+M.swift in Sources */,
				B83BF57B255EED99006903A2 /* CollectionReference+M.swift in Sources */,
				EE1202A527578B7E0068F0F3 /* EventStatus.swift in Sources */,
				B84ECBBA254036CF007F8E9E /* FirebaseConfig.swift in Sources */,
				EE21C3952747E08900F484F4 /* NotificationsVC.swift in Sources */,
				EE1202B22757D6B00068F0F3 /* PhotoVC.swift in Sources */,
				EEBBD47F271863FB00519EBC /* SportPickerSource.swift in Sources */,
				EE6E43182736D6DE00A48B84 /* UIImage+M.swift in Sources */,
				EE6B7F6B270077C800E44B7C /* ManagerDeepLink.swift in Sources */,
				EEE1F46A26F23D0700754DDD /* SearchLocationVC.swift in Sources */,
				EE9B6FB4273581E000A12AF7 /* RelatedEventCell.swift in Sources */,
				B82FE3BF255DFB4800B52099 /* ServiceGooglePlace.swift in Sources */,
				EE27193926EBD21100A3F281 /* Notification.swift in Sources */,
				EE603BD626F6437F008D2E41 /* EventInformationsCell.swift in Sources */,
				EEAE66042725A4470048F559 /* SignInCell.swift in Sources */,
				EE8951E72741211F0081AE09 /* HelperTracking.swift in Sources */,
				6562728C2581367300CDA0F9 /* MSettingSection.swift in Sources */,
				B836B63A254B312200AAF48A /* City.swift in Sources */,
				EE6E431C273C185400A48B84 /* InformationsCell.swift in Sources */,
				B8CE19C1253DBAE5002AC5A5 /* AppDelegate.swift in Sources */,
				B811E8A7254F6835008DB735 /* Timestamp+M.swift in Sources */,
				EE603BBC26F6356C008D2E41 /* EventOrganizerCell.swift in Sources */,
				EEBBD482271866C900519EBC /* ManagerSport.swift in Sources */,
				6562728F2581432C00CDA0F9 /* ServiceDeviceToken.swift in Sources */,
				EE1202AB2757C58B0068F0F3 /* EventPlaceWithPicturesCell.swift in Sources */,
				6562729A2584B01D00CDA0F9 /* ServiceNotification.swift in Sources */,
				EEABEE2B2725BA9F00F3E64C /* PersonNameComponents+M.swift in Sources */,
				B87B2655254234B9007D4A4D /* Version.swift in Sources */,
				EE8951E527411D8B0081AE09 /* UIDevice+M.swift in Sources */,
				EEE1F46F26F23DF300754DDD /* CityCell.swift in Sources */,
				B836B61B2548D94100AAF48A /* ManagerUser.swift in Sources */,
				EEBBD47A271863A500519EBC /* MDatePickerField.swift in Sources */,
				B84ECBF12541AEB1007F8E9E /* ServiceSport.swift in Sources */,
				EE8951DB274111570081AE09 /* SettingsVC.swift in Sources */,
				B8FDE37D253F730F00BD29B2 /* L10N.swift in Sources */,
				EE1202BB2757E6B60068F0F3 /* NavigationController.swift in Sources */,
				EE27198226EBD77000A3F281 /* ParticipationStatus.swift in Sources */,
				EE5836DA26ECE35100ED203D /* HelperRouting.swift in Sources */,
				EEE1F48326F3C0C400754DDD /* SectionCell.swift in Sources */,
				EEB8F1EA26FE01AC005ABC27 /* UIColor+M.swift in Sources */,
				EE5A0B1D271B6837009A951B /* GuestVC.swift in Sources */,
				EEB8F1ED26FE05E8005ABC27 /* MButton.swift in Sources */,
			);
			runOnlyForDeploymentPostprocessing = 0;
		};
/* End PBXSourcesBuildPhase section */

/* Begin PBXVariantGroup section */
		B8CE19CB253DBAE7002AC5A5 /* LaunchScreen.storyboard */ = {
			isa = PBXVariantGroup;
			children = (
				B8CE19CC253DBAE7002AC5A5 /* Base */,
			);
			name = LaunchScreen.storyboard;
			sourceTree = "<group>";
		};
		B8FDE3AE253F780F00BD29B2 /* Localizable.strings */ = {
			isa = PBXVariantGroup;
			children = (
				B8FDE3AD253F780F00BD29B2 /* en */,
				B8FDE3AF253F784900BD29B2 /* fr */,
			);
			name = Localizable.strings;
			sourceTree = "<group>";
		};
/* End PBXVariantGroup section */

/* Begin XCBuildConfiguration section */
		B8CE19CF253DBAE7002AC5A5 /* Debug */ = {
			isa = XCBuildConfiguration;
			buildSettings = {
				ALWAYS_SEARCH_USER_PATHS = NO;
				CLANG_ANALYZER_LOCALIZABILITY_NONLOCALIZED = YES;
				CLANG_ANALYZER_NONNULL = YES;
				CLANG_ANALYZER_NUMBER_OBJECT_CONVERSION = YES_AGGRESSIVE;
				CLANG_CXX_LANGUAGE_STANDARD = "gnu++14";
				CLANG_CXX_LIBRARY = "libc++";
				CLANG_ENABLE_MODULES = YES;
				CLANG_ENABLE_OBJC_ARC = YES;
				CLANG_ENABLE_OBJC_WEAK = YES;
				CLANG_WARN_BLOCK_CAPTURE_AUTORELEASING = YES;
				CLANG_WARN_BOOL_CONVERSION = YES;
				CLANG_WARN_COMMA = YES;
				CLANG_WARN_CONSTANT_CONVERSION = YES;
				CLANG_WARN_DEPRECATED_OBJC_IMPLEMENTATIONS = YES;
				CLANG_WARN_DIRECT_OBJC_ISA_USAGE = YES_ERROR;
				CLANG_WARN_DOCUMENTATION_COMMENTS = YES;
				CLANG_WARN_EMPTY_BODY = YES;
				CLANG_WARN_ENUM_CONVERSION = YES;
				CLANG_WARN_INFINITE_RECURSION = YES;
				CLANG_WARN_INT_CONVERSION = YES;
				CLANG_WARN_NON_LITERAL_NULL_CONVERSION = YES;
				CLANG_WARN_OBJC_IMPLICIT_RETAIN_SELF = YES;
				CLANG_WARN_OBJC_LITERAL_CONVERSION = YES;
				CLANG_WARN_OBJC_ROOT_CLASS = YES_ERROR;
				CLANG_WARN_QUOTED_INCLUDE_IN_FRAMEWORK_HEADER = YES;
				CLANG_WARN_RANGE_LOOP_ANALYSIS = YES;
				CLANG_WARN_STRICT_PROTOTYPES = YES;
				CLANG_WARN_SUSPICIOUS_MOVE = YES;
				CLANG_WARN_UNGUARDED_AVAILABILITY = YES_AGGRESSIVE;
				CLANG_WARN_UNREACHABLE_CODE = YES;
				CLANG_WARN__DUPLICATE_METHOD_MATCH = YES;
				COPY_PHASE_STRIP = NO;
				DEBUG_INFORMATION_FORMAT = dwarf;
				ENABLE_STRICT_OBJC_MSGSEND = YES;
				ENABLE_TESTABILITY = YES;
				GCC_C_LANGUAGE_STANDARD = gnu11;
				GCC_DYNAMIC_NO_PIC = NO;
				GCC_NO_COMMON_BLOCKS = YES;
				GCC_OPTIMIZATION_LEVEL = 0;
				GCC_PREPROCESSOR_DEFINITIONS = (
					"DEBUG=1",
					"$(inherited)",
				);
				GCC_WARN_64_TO_32_BIT_CONVERSION = YES;
				GCC_WARN_ABOUT_RETURN_TYPE = YES_ERROR;
				GCC_WARN_UNDECLARED_SELECTOR = YES;
				GCC_WARN_UNINITIALIZED_AUTOS = YES_AGGRESSIVE;
				GCC_WARN_UNUSED_FUNCTION = YES;
				GCC_WARN_UNUSED_VARIABLE = YES;
				IPHONEOS_DEPLOYMENT_TARGET = 12.0;
				MTL_ENABLE_DEBUG_INFO = INCLUDE_SOURCE;
				MTL_FAST_MATH = YES;
				ONLY_ACTIVE_ARCH = YES;
				SDKROOT = iphoneos;
				SWIFT_ACTIVE_COMPILATION_CONDITIONS = DEBUG;
				SWIFT_OPTIMIZATION_LEVEL = "-Onone";
			};
			name = Debug;
		};
		B8CE19D0253DBAE7002AC5A5 /* Release */ = {
			isa = XCBuildConfiguration;
			buildSettings = {
				ALWAYS_SEARCH_USER_PATHS = NO;
				CLANG_ANALYZER_LOCALIZABILITY_NONLOCALIZED = YES;
				CLANG_ANALYZER_NONNULL = YES;
				CLANG_ANALYZER_NUMBER_OBJECT_CONVERSION = YES_AGGRESSIVE;
				CLANG_CXX_LANGUAGE_STANDARD = "gnu++14";
				CLANG_CXX_LIBRARY = "libc++";
				CLANG_ENABLE_MODULES = YES;
				CLANG_ENABLE_OBJC_ARC = YES;
				CLANG_ENABLE_OBJC_WEAK = YES;
				CLANG_WARN_BLOCK_CAPTURE_AUTORELEASING = YES;
				CLANG_WARN_BOOL_CONVERSION = YES;
				CLANG_WARN_COMMA = YES;
				CLANG_WARN_CONSTANT_CONVERSION = YES;
				CLANG_WARN_DEPRECATED_OBJC_IMPLEMENTATIONS = YES;
				CLANG_WARN_DIRECT_OBJC_ISA_USAGE = YES_ERROR;
				CLANG_WARN_DOCUMENTATION_COMMENTS = YES;
				CLANG_WARN_EMPTY_BODY = YES;
				CLANG_WARN_ENUM_CONVERSION = YES;
				CLANG_WARN_INFINITE_RECURSION = YES;
				CLANG_WARN_INT_CONVERSION = YES;
				CLANG_WARN_NON_LITERAL_NULL_CONVERSION = YES;
				CLANG_WARN_OBJC_IMPLICIT_RETAIN_SELF = YES;
				CLANG_WARN_OBJC_LITERAL_CONVERSION = YES;
				CLANG_WARN_OBJC_ROOT_CLASS = YES_ERROR;
				CLANG_WARN_QUOTED_INCLUDE_IN_FRAMEWORK_HEADER = YES;
				CLANG_WARN_RANGE_LOOP_ANALYSIS = YES;
				CLANG_WARN_STRICT_PROTOTYPES = YES;
				CLANG_WARN_SUSPICIOUS_MOVE = YES;
				CLANG_WARN_UNGUARDED_AVAILABILITY = YES_AGGRESSIVE;
				CLANG_WARN_UNREACHABLE_CODE = YES;
				CLANG_WARN__DUPLICATE_METHOD_MATCH = YES;
				COPY_PHASE_STRIP = NO;
				DEBUG_INFORMATION_FORMAT = "dwarf-with-dsym";
				ENABLE_NS_ASSERTIONS = NO;
				ENABLE_STRICT_OBJC_MSGSEND = YES;
				GCC_C_LANGUAGE_STANDARD = gnu11;
				GCC_NO_COMMON_BLOCKS = YES;
				GCC_WARN_64_TO_32_BIT_CONVERSION = YES;
				GCC_WARN_ABOUT_RETURN_TYPE = YES_ERROR;
				GCC_WARN_UNDECLARED_SELECTOR = YES;
				GCC_WARN_UNINITIALIZED_AUTOS = YES_AGGRESSIVE;
				GCC_WARN_UNUSED_FUNCTION = YES;
				GCC_WARN_UNUSED_VARIABLE = YES;
				IPHONEOS_DEPLOYMENT_TARGET = 12.0;
				MTL_ENABLE_DEBUG_INFO = NO;
				MTL_FAST_MATH = YES;
				SDKROOT = iphoneos;
				SWIFT_COMPILATION_MODE = wholemodule;
				SWIFT_OPTIMIZATION_LEVEL = "-O";
				VALIDATE_PRODUCT = YES;
			};
			name = Release;
		};
		B8CE19D2253DBAE7002AC5A5 /* Debug */ = {
			isa = XCBuildConfiguration;
			baseConfigurationReference = 74EB47B79B92112AC4818753 /* Pods-Riada.debug.xcconfig */;
			buildSettings = {
				ASSETCATALOG_COMPILER_APPICON_NAME = AppIcon;
				ASSETCATALOG_COMPILER_GLOBAL_ACCENT_COLOR_NAME = AccentColor;
				CODE_SIGN_ENTITLEMENTS = Riada/Riada.entitlements;
				CODE_SIGN_IDENTITY = "iPhone Distribution";
				CODE_SIGN_STYLE = Manual;
				CURRENT_PROJECT_VERSION = 1;
				DEBUG_INFORMATION_FORMAT = "dwarf-with-dsym";
				DEVELOPMENT_TEAM = 662SLAFBT4;
				INFOPLIST_FILE = Riada/Info.plist;
				LD_RUNPATH_SEARCH_PATHS = (
					"$(inherited)",
					"@executable_path/Frameworks",
				);
				MARKETING_VERSION = 1.0.4;
				PRODUCT_BUNDLE_IDENTIFIER = com.riada.app.riada;
				PRODUCT_NAME = "$(TARGET_NAME)";
				PROVISIONING_PROFILE_SPECIFIER = "match AppStore com.riada.app.riada";
				SWIFT_VERSION = 5.0;
				TARGETED_DEVICE_FAMILY = 1;
			};
			name = Debug;
		};
		B8CE19D3253DBAE7002AC5A5 /* Release */ = {
			isa = XCBuildConfiguration;
			baseConfigurationReference = 6788B25E4DA64D52DFED40C8 /* Pods-Riada.release.xcconfig */;
			buildSettings = {
				ASSETCATALOG_COMPILER_APPICON_NAME = AppIcon;
				ASSETCATALOG_COMPILER_GLOBAL_ACCENT_COLOR_NAME = AccentColor;
				CODE_SIGN_ENTITLEMENTS = Riada/Riada.entitlements;
				CODE_SIGN_IDENTITY = "iPhone Distribution";
				CODE_SIGN_STYLE = Manual;
				CURRENT_PROJECT_VERSION = 1;
				DEVELOPMENT_TEAM = 662SLAFBT4;
				INFOPLIST_FILE = Riada/Info.plist;
				LD_RUNPATH_SEARCH_PATHS = (
					"$(inherited)",
					"@executable_path/Frameworks",
				);
				MARKETING_VERSION = 1.0.4;
				PRODUCT_BUNDLE_IDENTIFIER = com.riada.app.riada;
				PRODUCT_NAME = "$(TARGET_NAME)";
				PROVISIONING_PROFILE_SPECIFIER = "match AppStore com.riada.app.riada";
				SWIFT_VERSION = 5.0;
				TARGETED_DEVICE_FAMILY = 1;
			};
			name = Release;
		};
/* End XCBuildConfiguration section */

/* Begin XCConfigurationList section */
		B8CE19B8253DBAE4002AC5A5 /* Build configuration list for PBXProject "Riada" */ = {
			isa = XCConfigurationList;
			buildConfigurations = (
				B8CE19CF253DBAE7002AC5A5 /* Debug */,
				B8CE19D0253DBAE7002AC5A5 /* Release */,
			);
			defaultConfigurationIsVisible = 0;
			defaultConfigurationName = Release;
		};
		B8CE19D1253DBAE7002AC5A5 /* Build configuration list for PBXNativeTarget "Riada" */ = {
			isa = XCConfigurationList;
			buildConfigurations = (
				B8CE19D2253DBAE7002AC5A5 /* Debug */,
				B8CE19D3253DBAE7002AC5A5 /* Release */,
			);
			defaultConfigurationIsVisible = 0;
			defaultConfigurationName = Release;
		};
/* End XCConfigurationList section */
	};
	rootObject = B8CE19B5253DBAE4002AC5A5 /* Project object */;
}
